{
  "version": 4,
  "terraform_version": "1.12.2",
  "serial": 109,
  "lineage": "a8e11ee4-5843-154d-406a-674ab25b796f",
  "outputs": {
    "mysql_password": {
      "value": "F4_wRyKQ",
      "type": "string",
      "sensitive": true
    },
    "sas_url_query_string": {
      "value": "?sv=2024-11-04\u0026ss=b\u0026srt=sco\u0026sp=rwdlac\u0026se=2026-07-14T15:53:59Z\u0026st=2025-07-14T15:53:59Z\u0026spr=https,http\u0026sig=ZoLUPnYBoxFtooTXhBTV7DOPqiD0W2dy9KSmE5jU2hw%3D",
      "type": "string",
      "sensitive": true
    }
  },
  "resources": [
    {
      "module": "module.APP",
      "mode": "managed",
      "type": "azurerm_linux_web_app",
      "name": "mg-app",
      "provider": "provider[\"registry.terraform.io/hashicorp/azurerm\"]",
      "instances": [
        {
          "schema_version": 1,
          "attributes": {
            "app_settings": {
              "APP_ENV": "production",
              "CONTAINER_NAME": "webapp-images",
              "DB_HOST": "mg-mysql-server-klayytech.mysql.database.azure.com",
              "DB_NAME": "photos",
              "DB_PASS": "F4_wRyKQ",
              "DB_USER": "mysqladmin",
              "SAS_TOKEN": "?sv=2024-11-04\u0026ss=b\u0026srt=sco\u0026sp=rwdlac\u0026se=2026-07-14T15:53:59Z\u0026st=2025-07-14T15:53:59Z\u0026spr=https,http\u0026sig=ZoLUPnYBoxFtooTXhBTV7DOPqiD0W2dy9KSmE5jU2hw%3D",
              "STORAGE_ACCOUNT": "storageaccountmg"
            },
            "auth_settings": [],
            "auth_settings_v2": [],
            "backup": [],
            "client_affinity_enabled": false,
            "client_certificate_enabled": false,
            "client_certificate_exclusion_paths": "",
            "client_certificate_mode": "Required",
            "connection_string": [],
            "custom_domain_verification_id": "1DEA94CBF8D7CDE9D92D430FE6A817578176251E5C8079B22BB862E144ACF6A0",
            "default_hostname": "demomgklayytech.azurewebsites.net",
            "enabled": true,
            "ftp_publish_basic_authentication_enabled": false,
            "hosting_environment_id": "",
            "https_only": true,
            "id": "/subscriptions/3f4307f4-ae2b-4a54-a328-4564262560d1/resourceGroups/Three-Tiers-APP/providers/Microsoft.Web/sites/demomgklayytech",
            "identity": [],
            "key_vault_reference_identity_id": "SystemAssigned",
            "kind": "app,linux",
            "location": "centralus",
            "logs": [],
            "name": "demomgklayytech",
            "outbound_ip_address_list": [
              "52.158.167.213",
              "52.185.104.66",
              "52.185.104.115",
              "52.185.104.153",
              "52.185.104.245",
              "52.185.105.6",
              "168.61.159.114"
            ],
            "outbound_ip_addresses": "52.158.167.213,52.185.104.66,52.185.104.115,52.185.104.153,52.185.104.245,52.185.105.6,168.61.159.114",
            "possible_outbound_ip_address_list": [
              "168.61.150.239",
              "168.61.185.74",
              "168.61.185.197",
              "168.61.146.253",
              "168.61.146.106",
              "168.61.150.120",
              "168.61.184.160",
              "168.61.191.29",
              "168.61.191.135",
              "52.158.167.213",
              "52.185.104.66",
              "52.185.104.115",
              "52.185.104.153",
              "52.185.104.245",
              "52.185.105.6",
              "20.221.42.41",
              "20.221.42.179",
              "20.221.42.209",
              "20.221.43.183",
              "20.221.43.249",
              "20.221.44.31",
              "168.61.159.114"
            ],
            "possible_outbound_ip_addresses": "168.61.150.239,168.61.185.74,168.61.185.197,168.61.146.253,168.61.146.106,168.61.150.120,168.61.184.160,168.61.191.29,168.61.191.135,52.158.167.213,52.185.104.66,52.185.104.115,52.185.104.153,52.185.104.245,52.185.105.6,20.221.42.41,20.221.42.179,20.221.42.209,20.221.43.183,20.221.43.249,20.221.44.31,168.61.159.114",
            "public_network_access_enabled": false,
            "resource_group_name": "Three-Tiers-APP",
            "service_plan_id": "/subscriptions/3f4307f4-ae2b-4a54-a328-4564262560d1/resourceGroups/Three-Tiers-APP/providers/Microsoft.Web/serverFarms/ASP-demo-8fda",
            "site_config": [
              {
                "always_on": true,
                "api_definition_url": "",
                "api_management_api_id": "",
                "app_command_line": "",
                "application_stack": [
                  {
                    "docker_image_name": "",
                    "docker_registry_password": "",
                    "docker_registry_url": "",
                    "docker_registry_username": "",
                    "dotnet_version": "",
                    "go_version": "",
                    "java_server": "",
                    "java_server_version": "",
                    "java_version": "",
                    "node_version": "",
                    "php_version": "8.3",
                    "python_version": "",
                    "ruby_version": ""
                  }
                ],
                "auto_heal_setting": [],
                "container_registry_managed_identity_client_id": "",
                "container_registry_use_managed_identity": false,
                "cors": [],
                "default_documents": [
                  "Default.htm",
                  "Default.html",
                  "Default.asp",
                  "index.htm",
                  "index.html",
                  "iisstart.htm",
                  "default.aspx",
                  "index.php",
                  "hostingstart.html"
                ],
                "detailed_error_logging_enabled": false,
                "ftps_state": "FtpsOnly",
                "health_check_eviction_time_in_min": 0,
                "health_check_path": "",
                "http2_enabled": false,
                "ip_restriction": [],
                "ip_restriction_default_action": "Allow",
                "linux_fx_version": "PHP|8.3",
                "load_balancing_mode": "LeastRequests",
                "local_mysql_enabled": false,
                "managed_pipeline_mode": "Integrated",
                "minimum_tls_version": "1.2",
                "remote_debugging_enabled": false,
                "remote_debugging_version": "VS2022",
                "scm_ip_restriction": [],
                "scm_ip_restriction_default_action": "Allow",
                "scm_minimum_tls_version": "1.2",
                "scm_type": "None",
                "scm_use_main_ip_restriction": false,
                "use_32_bit_worker": true,
                "vnet_route_all_enabled": false,
                "websockets_enabled": false,
                "worker_count": 1
              }
            ],
            "site_credential": [
              {
                "name": "$demomgklayytech",
                "password": "0odSqowQEl44kfDLzm4ldKtJvvflPrrgeTeoqD534sY41riEEyiJWBjGpplF"
              }
            ],
            "sticky_settings": [],
            "storage_account": [],
            "tags": null,
            "timeouts": null,
            "virtual_network_backup_restore_enabled": false,
            "virtual_network_subnet_id": "/subscriptions/3f4307f4-ae2b-4a54-a328-4564262560d1/resourceGroups/Three-Tiers-APP/providers/Microsoft.Network/virtualNetworks/application-vnet/subnets/outbound",
            "webdeploy_publish_basic_authentication_enabled": true,
            "zip_deploy_file": ""
          },
          "sensitive_attributes": [
            [
              {
                "type": "get_attr",
                "value": "app_settings"
              },
              {
                "type": "index",
                "value": {
                  "value": "DB_PASS",
                  "type": "string"
                }
              }
            ],
            [
              {
                "type": "get_attr",
                "value": "app_settings"
              },
              {
                "type": "index",
                "value": {
                  "value": "SAS_TOKEN",
                  "type": "string"
                }
              }
            ],
            [
              {
                "type": "get_attr",
                "value": "custom_domain_verification_id"
              }
            ],
            [
              {
                "type": "get_attr",
                "value": "site_config"
              },
              {
                "type": "index",
                "value": {
                  "value": 0,
                  "type": "number"
                }
              },
              {
                "type": "get_attr",
                "value": "application_stack"
              },
              {
                "type": "index",
                "value": {
                  "value": 0,
                  "type": "number"
                }
              },
              {
                "type": "get_attr",
                "value": "docker_registry_password"
              }
            ],
            [
              {
                "type": "get_attr",
                "value": "site_credential"
              }
            ]
          ],
          "identity_schema_version": 0,
          "private": "eyJlMmJmYjczMC1lY2FhLTExZTYtOGY4OC0zNDM2M2JjN2M0YzAiOnsiY3JlYXRlIjoxODAwMDAwMDAwMDAwLCJkZWxldGUiOjE4MDAwMDAwMDAwMDAsInJlYWQiOjMwMDAwMDAwMDAwMCwidXBkYXRlIjoxODAwMDAwMDAwMDAwfSwic2NoZW1hX3ZlcnNpb24iOiIxIn0=",
          "dependencies": [
            "module.APP.azurerm_private_dns_zone.app-dns",
            "module.APP.azurerm_private_dns_zone_virtual_network_link.link-app-dns",
            "module.APP.azurerm_service_plan.mg-plan",
            "module.MYSQL.azurerm_mysql_flexible_database.photos",
            "module.MYSQL.azurerm_mysql_flexible_server.private-mysql-server",
            "module.MYSQL.azurerm_mysql_flexible_server_configuration.require_secure_transport",
            "module.MYSQL.azurerm_private_dns_zone.mysql-dns",
            "module.MYSQL.azurerm_private_dns_zone_virtual_network_link.link-mysql-dns",
            "module.MYSQL.random_password.password",
            "module.StorageAccount.azurerm_private_dns_zone.storage-dns",
            "module.StorageAccount.azurerm_private_dns_zone_virtual_network_link.link-storage-dns",
            "module.StorageAccount.azurerm_private_endpoint.default",
            "module.StorageAccount.azurerm_storage_account.storage-account",
            "module.StorageAccount.azurerm_storage_container.blob1",
            "module.StorageAccount.data.azurerm_storage_account_sas.sas-token",
            "module.resource_group.azurerm_resource_group.rg-app",
            "module.vnet.azurerm_subnet.MYSQL-subnet-app",
            "module.vnet.azurerm_subnet.inbound-subnet-app",
            "module.vnet.azurerm_subnet.outbound-subnet-app",
            "module.vnet.azurerm_virtual_network.vnet-app"
          ]
        }
      ]
    },
    {
      "module": "module.APP",
      "mode": "managed",
      "type": "azurerm_private_dns_zone",
      "name": "app-dns",
      "provider": "provider[\"registry.terraform.io/hashicorp/azurerm\"]",
      "instances": [
        {
          "schema_version": 0,
          "attributes": {
            "id": "/subscriptions/3f4307f4-ae2b-4a54-a328-4564262560d1/resourceGroups/Three-Tiers-APP/providers/Microsoft.Network/privateDnsZones/privatelink.azurewebsites.net",
            "max_number_of_record_sets": 25000,
            "max_number_of_virtual_network_links": 1000,
            "max_number_of_virtual_network_links_with_registration": 100,
            "name": "privatelink.azurewebsites.net",
            "number_of_record_sets": 1,
            "resource_group_name": "Three-Tiers-APP",
            "soa_record": [
              {
                "email": "azureprivatedns-host.microsoft.com",
                "expire_time": 2419200,
                "fqdn": "privatelink.azurewebsites.net.",
                "host_name": "azureprivatedns.net",
                "minimum_ttl": 10,
                "refresh_time": 3600,
                "retry_time": 300,
                "serial_number": 1,
                "tags": {},
                "ttl": 3600
              }
            ],
            "tags": null,
            "timeouts": null
          },
          "sensitive_attributes": [],
          "identity_schema_version": 0,
          "private": "eyJlMmJmYjczMC1lY2FhLTExZTYtOGY4OC0zNDM2M2JjN2M0YzAiOnsiY3JlYXRlIjoxODAwMDAwMDAwMDAwLCJkZWxldGUiOjE4MDAwMDAwMDAwMDAsInJlYWQiOjMwMDAwMDAwMDAwMCwidXBkYXRlIjoxODAwMDAwMDAwMDAwfX0=",
          "dependencies": [
            "module.MYSQL.azurerm_mysql_flexible_database.photos",
            "module.MYSQL.azurerm_mysql_flexible_server.private-mysql-server",
            "module.MYSQL.azurerm_mysql_flexible_server_configuration.require_secure_transport",
            "module.MYSQL.azurerm_private_dns_zone.mysql-dns",
            "module.MYSQL.azurerm_private_dns_zone_virtual_network_link.link-mysql-dns",
            "module.MYSQL.random_password.password",
            "module.StorageAccount.azurerm_private_dns_zone.storage-dns",
            "module.StorageAccount.azurerm_private_dns_zone_virtual_network_link.link-storage-dns",
            "module.StorageAccount.azurerm_private_endpoint.default",
            "module.StorageAccount.azurerm_storage_account.storage-account",
            "module.StorageAccount.azurerm_storage_container.blob1",
            "module.StorageAccount.data.azurerm_storage_account_sas.sas-token",
            "module.resource_group.azurerm_resource_group.rg-app",
            "module.vnet.azurerm_subnet.MYSQL-subnet-app",
            "module.vnet.azurerm_subnet.inbound-subnet-app",
            "module.vnet.azurerm_virtual_network.vnet-app"
          ]
        }
      ]
    },
    {
      "module": "module.APP",
      "mode": "managed",
      "type": "azurerm_private_dns_zone_virtual_network_link",
      "name": "link-app-dns",
      "provider": "provider[\"registry.terraform.io/hashicorp/azurerm\"]",
      "instances": [
        {
          "schema_version": 0,
          "attributes": {
            "id": "/subscriptions/3f4307f4-ae2b-4a54-a328-4564262560d1/resourceGroups/Three-Tiers-APP/providers/Microsoft.Network/privateDnsZones/privatelink.azurewebsites.net/virtualNetworkLinks/private-app-VnetZone.com",
            "name": "private-app-VnetZone.com",
            "private_dns_zone_name": "privatelink.azurewebsites.net",
            "registration_enabled": false,
            "resource_group_name": "Three-Tiers-APP",
            "tags": null,
            "timeouts": null,
            "virtual_network_id": "/subscriptions/3f4307f4-ae2b-4a54-a328-4564262560d1/resourceGroups/Three-Tiers-APP/providers/Microsoft.Network/virtualNetworks/application-vnet"
          },
          "sensitive_attributes": [],
          "identity_schema_version": 0,
          "private": "eyJlMmJmYjczMC1lY2FhLTExZTYtOGY4OC0zNDM2M2JjN2M0YzAiOnsiY3JlYXRlIjoxODAwMDAwMDAwMDAwLCJkZWxldGUiOjE4MDAwMDAwMDAwMDAsInJlYWQiOjMwMDAwMDAwMDAwMCwidXBkYXRlIjoxODAwMDAwMDAwMDAwfX0=",
          "dependencies": [
            "module.APP.azurerm_private_dns_zone.app-dns",
            "module.MYSQL.azurerm_mysql_flexible_database.photos",
            "module.MYSQL.azurerm_mysql_flexible_server.private-mysql-server",
            "module.MYSQL.azurerm_mysql_flexible_server_configuration.require_secure_transport",
            "module.MYSQL.azurerm_private_dns_zone.mysql-dns",
            "module.MYSQL.azurerm_private_dns_zone_virtual_network_link.link-mysql-dns",
            "module.MYSQL.random_password.password",
            "module.StorageAccount.azurerm_private_dns_zone.storage-dns",
            "module.StorageAccount.azurerm_private_dns_zone_virtual_network_link.link-storage-dns",
            "module.StorageAccount.azurerm_private_endpoint.default",
            "module.StorageAccount.azurerm_storage_account.storage-account",
            "module.StorageAccount.azurerm_storage_container.blob1",
            "module.StorageAccount.data.azurerm_storage_account_sas.sas-token",
            "module.resource_group.azurerm_resource_group.rg-app",
            "module.vnet.azurerm_subnet.MYSQL-subnet-app",
            "module.vnet.azurerm_subnet.inbound-subnet-app",
            "module.vnet.azurerm_virtual_network.vnet-app"
          ]
        }
      ]
    },
    {
      "module": "module.APP",
      "mode": "managed",
      "type": "azurerm_private_endpoint",
      "name": "demo",
      "provider": "provider[\"registry.terraform.io/hashicorp/azurerm\"]",
      "instances": [
        {
          "schema_version": 0,
          "attributes": {
            "custom_dns_configs": [],
            "custom_network_interface_name": "",
            "id": "/subscriptions/3f4307f4-ae2b-4a54-a328-4564262560d1/resourceGroups/Three-Tiers-APP/providers/Microsoft.Network/privateEndpoints/inbound-nic",
            "ip_configuration": [
              {
                "member_name": "sites",
                "name": "custom-endpoint-appservice-ip",
                "private_ip_address": "10.0.0.50",
                "subresource_name": "sites"
              }
            ],
            "location": "centralus",
            "name": "inbound-nic",
            "network_interface": [
              {
                "id": "/subscriptions/3f4307f4-ae2b-4a54-a328-4564262560d1/resourceGroups/Three-Tiers-APP/providers/Microsoft.Network/networkInterfaces/inbound-nic.nic.99ca0dfa-7894-47d0-ab25-8460c9d628ba",
                "name": "inbound-nic.nic.99ca0dfa-7894-47d0-ab25-8460c9d628ba"
              }
            ],
            "private_dns_zone_configs": [
              {
                "id": "/subscriptions/3f4307f4-ae2b-4a54-a328-4564262560d1/resourceGroups/Three-Tiers-APP/providers/Microsoft.Network/privateEndpoints/inbound-nic/privateDnsZoneGroups/default/privateDnsZoneConfigs/privatelink.azurewebsites.net",
                "name": "privatelink.azurewebsites.net",
                "private_dns_zone_id": "/subscriptions/3f4307f4-ae2b-4a54-a328-4564262560d1/resourceGroups/Three-Tiers-APP/providers/Microsoft.Network/privateDnsZones/privatelink.azurewebsites.net",
                "record_sets": [
                  {
                    "fqdn": "demomgklayytech.privatelink.azurewebsites.net",
                    "ip_addresses": [
                      "10.0.0.50"
                    ],
                    "name": "demomgklayytech",
                    "ttl": 10,
                    "type": "A"
                  },
                  {
                    "fqdn": "demomgklayytech.scm.privatelink.azurewebsites.net",
                    "ip_addresses": [
                      "10.0.0.50"
                    ],
                    "name": "demomgklayytech.scm",
                    "ttl": 10,
                    "type": "A"
                  }
                ]
              }
            ],
            "private_dns_zone_group": [
              {
                "id": "/subscriptions/3f4307f4-ae2b-4a54-a328-4564262560d1/resourceGroups/Three-Tiers-APP/providers/Microsoft.Network/privateEndpoints/inbound-nic/privateDnsZoneGroups/default",
                "name": "default",
                "private_dns_zone_ids": [
                  "/subscriptions/3f4307f4-ae2b-4a54-a328-4564262560d1/resourceGroups/Three-Tiers-APP/providers/Microsoft.Network/privateDnsZones/privatelink.azurewebsites.net"
                ]
              }
            ],
            "private_service_connection": [
              {
                "is_manual_connection": false,
                "name": "inbound-nic",
                "private_connection_resource_alias": "",
                "private_connection_resource_id": "/subscriptions/3f4307f4-ae2b-4a54-a328-4564262560d1/resourceGroups/Three-Tiers-APP/providers/Microsoft.Web/sites/demomgklayytech",
                "private_ip_address": "10.0.0.50",
                "request_message": "",
                "subresource_names": [
                  "sites"
                ]
              }
            ],
            "resource_group_name": "Three-Tiers-APP",
            "subnet_id": "/subscriptions/3f4307f4-ae2b-4a54-a328-4564262560d1/resourceGroups/Three-Tiers-APP/providers/Microsoft.Network/virtualNetworks/application-vnet/subnets/default",
            "tags": null,
            "timeouts": null
          },
          "sensitive_attributes": [],
          "identity_schema_version": 0,
          "private": "eyJlMmJmYjczMC1lY2FhLTExZTYtOGY4OC0zNDM2M2JjN2M0YzAiOnsiY3JlYXRlIjozNjAwMDAwMDAwMDAwLCJkZWxldGUiOjM2MDAwMDAwMDAwMDAsInJlYWQiOjMwMDAwMDAwMDAwMCwidXBkYXRlIjozNjAwMDAwMDAwMDAwfX0=",
          "dependencies": [
            "module.APP.azurerm_linux_web_app.mg-app",
            "module.APP.azurerm_private_dns_zone.app-dns",
            "module.APP.azurerm_private_dns_zone_virtual_network_link.link-app-dns",
            "module.APP.azurerm_service_plan.mg-plan",
            "module.MYSQL.azurerm_mysql_flexible_database.photos",
            "module.MYSQL.azurerm_mysql_flexible_server.private-mysql-server",
            "module.MYSQL.azurerm_mysql_flexible_server_configuration.require_secure_transport",
            "module.MYSQL.azurerm_private_dns_zone.mysql-dns",
            "module.MYSQL.azurerm_private_dns_zone_virtual_network_link.link-mysql-dns",
            "module.MYSQL.random_password.password",
            "module.StorageAccount.azurerm_private_dns_zone.storage-dns",
            "module.StorageAccount.azurerm_private_dns_zone_virtual_network_link.link-storage-dns",
            "module.StorageAccount.azurerm_private_endpoint.default",
            "module.StorageAccount.azurerm_storage_account.storage-account",
            "module.StorageAccount.azurerm_storage_container.blob1",
            "module.StorageAccount.data.azurerm_storage_account_sas.sas-token",
            "module.resource_group.azurerm_resource_group.rg-app",
            "module.vnet.azurerm_subnet.MYSQL-subnet-app",
            "module.vnet.azurerm_subnet.inbound-subnet-app",
            "module.vnet.azurerm_subnet.outbound-subnet-app",
            "module.vnet.azurerm_virtual_network.vnet-app"
          ]
        }
      ]
    },
    {
      "module": "module.APP",
      "mode": "managed",
      "type": "azurerm_service_plan",
      "name": "mg-plan",
      "provider": "provider[\"registry.terraform.io/hashicorp/azurerm\"]",
      "instances": [
        {
          "schema_version": 1,
          "attributes": {
            "app_service_environment_id": "",
            "id": "/subscriptions/3f4307f4-ae2b-4a54-a328-4564262560d1/resourceGroups/Three-Tiers-APP/providers/Microsoft.Web/serverFarms/ASP-demo-8fda",
            "kind": "linux",
            "location": "centralus",
            "maximum_elastic_worker_count": 1,
            "name": "ASP-demo-8fda",
            "os_type": "Linux",
            "per_site_scaling_enabled": false,
            "premium_plan_auto_scale_enabled": false,
            "reserved": true,
            "resource_group_name": "Three-Tiers-APP",
            "sku_name": "P0v3",
            "tags": null,
            "timeouts": null,
            "worker_count": 1,
            "zone_balancing_enabled": false
          },
          "sensitive_attributes": [],
          "identity_schema_version": 0,
          "private": "eyJlMmJmYjczMC1lY2FhLTExZTYtOGY4OC0zNDM2M2JjN2M0YzAiOnsiY3JlYXRlIjozNjAwMDAwMDAwMDAwLCJkZWxldGUiOjM2MDAwMDAwMDAwMDAsInJlYWQiOjMwMDAwMDAwMDAwMCwidXBkYXRlIjozNjAwMDAwMDAwMDAwfSwic2NoZW1hX3ZlcnNpb24iOiIxIn0=",
          "dependencies": [
            "module.MYSQL.azurerm_mysql_flexible_database.photos",
            "module.MYSQL.azurerm_mysql_flexible_server.private-mysql-server",
            "module.MYSQL.azurerm_mysql_flexible_server_configuration.require_secure_transport",
            "module.MYSQL.azurerm_private_dns_zone.mysql-dns",
            "module.MYSQL.azurerm_private_dns_zone_virtual_network_link.link-mysql-dns",
            "module.MYSQL.random_password.password",
            "module.StorageAccount.azurerm_private_dns_zone.storage-dns",
            "module.StorageAccount.azurerm_private_dns_zone_virtual_network_link.link-storage-dns",
            "module.StorageAccount.azurerm_private_endpoint.default",
            "module.StorageAccount.azurerm_storage_account.storage-account",
            "module.StorageAccount.azurerm_storage_container.blob1",
            "module.StorageAccount.data.azurerm_storage_account_sas.sas-token",
            "module.resource_group.azurerm_resource_group.rg-app",
            "module.vnet.azurerm_subnet.MYSQL-subnet-app",
            "module.vnet.azurerm_subnet.inbound-subnet-app",
            "module.vnet.azurerm_virtual_network.vnet-app"
          ]
        }
      ]
    },
    {
      "module": "module.FrontDoor",
      "mode": "managed",
      "type": "azurerm_cdn_frontdoor_endpoint",
      "name": "demo",
      "provider": "provider[\"registry.terraform.io/hashicorp/azurerm\"]",
      "instances": [
        {
          "schema_version": 0,
          "attributes": {
            "cdn_frontdoor_profile_id": "/subscriptions/3f4307f4-ae2b-4a54-a328-4564262560d1/resourceGroups/Three-Tiers-APP/providers/Microsoft.Cdn/profiles/mgklayytechdemofrontdoor",
            "enabled": true,
            "host_name": "webapp-origin-cshydhcaamhsabfm.z01.azurefd.net",
            "id": "/subscriptions/3f4307f4-ae2b-4a54-a328-4564262560d1/resourceGroups/Three-Tiers-APP/providers/Microsoft.Cdn/profiles/mgklayytechdemofrontdoor/afdEndpoints/webapp-origin",
            "name": "webapp-origin",
            "tags": null,
            "timeouts": null
          },
          "sensitive_attributes": [],
          "identity_schema_version": 0,
          "private": "eyJlMmJmYjczMC1lY2FhLTExZTYtOGY4OC0zNDM2M2JjN2M0YzAiOnsiY3JlYXRlIjoxODAwMDAwMDAwMDAwLCJkZWxldGUiOjE4MDAwMDAwMDAwMDAsInJlYWQiOjMwMDAwMDAwMDAwMCwidXBkYXRlIjoxODAwMDAwMDAwMDAwfX0=",
          "dependencies": [
            "module.APP.azurerm_linux_web_app.mg-app",
            "module.APP.azurerm_private_dns_zone.app-dns",
            "module.APP.azurerm_private_dns_zone_virtual_network_link.link-app-dns",
            "module.APP.azurerm_private_endpoint.demo",
            "module.APP.azurerm_service_plan.mg-plan",
            "module.FrontDoor.azurerm_cdn_frontdoor_profile.demo",
            "module.MYSQL.azurerm_mysql_flexible_database.photos",
            "module.MYSQL.azurerm_mysql_flexible_server.private-mysql-server",
            "module.MYSQL.azurerm_mysql_flexible_server_configuration.require_secure_transport",
            "module.MYSQL.azurerm_private_dns_zone.mysql-dns",
            "module.MYSQL.azurerm_private_dns_zone_virtual_network_link.link-mysql-dns",
            "module.MYSQL.random_password.password",
            "module.StorageAccount.azurerm_private_dns_zone.storage-dns",
            "module.StorageAccount.azurerm_private_dns_zone_virtual_network_link.link-storage-dns",
            "module.StorageAccount.azurerm_private_endpoint.default",
            "module.StorageAccount.azurerm_storage_account.storage-account",
            "module.StorageAccount.azurerm_storage_container.blob1",
            "module.StorageAccount.data.azurerm_storage_account_sas.sas-token",
            "module.resource_group.azurerm_resource_group.rg-app",
            "module.vnet.azurerm_subnet.MYSQL-subnet-app",
            "module.vnet.azurerm_subnet.inbound-subnet-app",
            "module.vnet.azurerm_subnet.outbound-subnet-app",
            "module.vnet.azurerm_virtual_network.vnet-app"
          ]
        }
      ]
    },
    {
      "module": "module.FrontDoor",
      "mode": "managed",
      "type": "azurerm_cdn_frontdoor_firewall_policy",
      "name": "demo",
      "provider": "provider[\"registry.terraform.io/hashicorp/azurerm\"]",
      "instances": [
        {
          "schema_version": 0,
          "attributes": {
            "custom_block_response_body": "",
            "custom_block_response_status_code": 0,
            "custom_rule": [],
            "enabled": true,
            "frontend_endpoint_ids": [],
            "id": "/subscriptions/3f4307f4-ae2b-4a54-a328-4564262560d1/resourceGroups/Three-Tiers-APP/providers/Microsoft.Network/frontDoorWebApplicationFirewallPolicies/DefaultWebAppWafbf0f964e7f6d4dbd9b43edefedb247e0",
            "js_challenge_cookie_expiration_in_minutes": 30,
            "log_scrubbing": [],
            "managed_rule": [
              {
                "action": "Block",
                "exclusion": [],
                "override": [],
                "type": "Microsoft_DefaultRuleSet",
                "version": "2.1"
              }
            ],
            "mode": "Detection",
            "name": "DefaultWebAppWafbf0f964e7f6d4dbd9b43edefedb247e0",
            "redirect_url": "",
            "request_body_check_enabled": true,
            "resource_group_name": "Three-Tiers-APP",
            "sku_name": "Premium_AzureFrontDoor",
            "tags": null,
            "timeouts": null
          },
          "sensitive_attributes": [],
          "identity_schema_version": 0,
          "private": "eyJlMmJmYjczMC1lY2FhLTExZTYtOGY4OC0zNDM2M2JjN2M0YzAiOnsiY3JlYXRlIjoxODAwMDAwMDAwMDAwLCJkZWxldGUiOjE4MDAwMDAwMDAwMDAsInJlYWQiOjMwMDAwMDAwMDAwMCwidXBkYXRlIjoxODAwMDAwMDAwMDAwfX0=",
          "dependencies": [
            "module.APP.azurerm_linux_web_app.mg-app",
            "module.APP.azurerm_private_dns_zone.app-dns",
            "module.APP.azurerm_private_dns_zone_virtual_network_link.link-app-dns",
            "module.APP.azurerm_private_endpoint.demo",
            "module.APP.azurerm_service_plan.mg-plan",
            "module.MYSQL.azurerm_mysql_flexible_database.photos",
            "module.MYSQL.azurerm_mysql_flexible_server.private-mysql-server",
            "module.MYSQL.azurerm_mysql_flexible_server_configuration.require_secure_transport",
            "module.MYSQL.azurerm_private_dns_zone.mysql-dns",
            "module.MYSQL.azurerm_private_dns_zone_virtual_network_link.link-mysql-dns",
            "module.MYSQL.random_password.password",
            "module.StorageAccount.azurerm_private_dns_zone.storage-dns",
            "module.StorageAccount.azurerm_private_dns_zone_virtual_network_link.link-storage-dns",
            "module.StorageAccount.azurerm_private_endpoint.default",
            "module.StorageAccount.azurerm_storage_account.storage-account",
            "module.StorageAccount.azurerm_storage_container.blob1",
            "module.StorageAccount.data.azurerm_storage_account_sas.sas-token",
            "module.resource_group.azurerm_resource_group.rg-app",
            "module.vnet.azurerm_subnet.MYSQL-subnet-app",
            "module.vnet.azurerm_subnet.inbound-subnet-app",
            "module.vnet.azurerm_subnet.outbound-subnet-app",
            "module.vnet.azurerm_virtual_network.vnet-app"
          ]
        }
      ]
    },
    {
      "module": "module.FrontDoor",
      "mode": "managed",
      "type": "azurerm_cdn_frontdoor_origin",
      "name": "demo",
      "provider": "provider[\"registry.terraform.io/hashicorp/azurerm\"]",
      "instances": [
        {
          "schema_version": 0,
          "attributes": {
            "cdn_frontdoor_origin_group_id": "/subscriptions/3f4307f4-ae2b-4a54-a328-4564262560d1/resourceGroups/Three-Tiers-APP/providers/Microsoft.Cdn/profiles/mgklayytechdemofrontdoor/originGroups/drupaldemo-origin",
            "certificate_name_check_enabled": true,
            "enabled": false,
            "host_name": "demomgklayytech.azurewebsites.net",
            "http_port": 80,
            "https_port": 443,
            "id": "/subscriptions/3f4307f4-ae2b-4a54-a328-4564262560d1/resourceGroups/Three-Tiers-APP/providers/Microsoft.Cdn/profiles/mgklayytechdemofrontdoor/originGroups/drupaldemo-origin/origins/default-webapp-origin",
            "name": "default-webapp-origin",
            "origin_host_header": "demomgklayytech.azurewebsites.net",
            "priority": 1,
            "private_link": [
              {
                "location": "centralus",
                "private_link_target_id": "/subscriptions/3f4307f4-ae2b-4a54-a328-4564262560d1/resourceGroups/Three-Tiers-APP/providers/Microsoft.Web/sites/demomgklayytech",
                "request_message": "The request is from the Front Door service to connect to the App Service",
                "target_type": "sites"
              }
            ],
            "timeouts": null,
            "weight": 1000
          },
          "sensitive_attributes": [],
          "identity_schema_version": 0,
          "private": "eyJlMmJmYjczMC1lY2FhLTExZTYtOGY4OC0zNDM2M2JjN2M0YzAiOnsiY3JlYXRlIjoxODAwMDAwMDAwMDAwLCJkZWxldGUiOjE4MDAwMDAwMDAwMDAsInJlYWQiOjMwMDAwMDAwMDAwMCwidXBkYXRlIjoxODAwMDAwMDAwMDAwfX0=",
          "dependencies": [
            "module.APP.azurerm_linux_web_app.mg-app",
            "module.APP.azurerm_private_dns_zone.app-dns",
            "module.APP.azurerm_private_dns_zone_virtual_network_link.link-app-dns",
            "module.APP.azurerm_private_endpoint.demo",
            "module.APP.azurerm_service_plan.mg-plan",
            "module.FrontDoor.azurerm_cdn_frontdoor_origin_group.demo",
            "module.FrontDoor.azurerm_cdn_frontdoor_profile.demo",
            "module.MYSQL.azurerm_mysql_flexible_database.photos",
            "module.MYSQL.azurerm_mysql_flexible_server.private-mysql-server",
            "module.MYSQL.azurerm_mysql_flexible_server_configuration.require_secure_transport",
            "module.MYSQL.azurerm_private_dns_zone.mysql-dns",
            "module.MYSQL.azurerm_private_dns_zone_virtual_network_link.link-mysql-dns",
            "module.MYSQL.random_password.password",
            "module.StorageAccount.azurerm_private_dns_zone.storage-dns",
            "module.StorageAccount.azurerm_private_dns_zone_virtual_network_link.link-storage-dns",
            "module.StorageAccount.azurerm_private_endpoint.default",
            "module.StorageAccount.azurerm_storage_account.storage-account",
            "module.StorageAccount.azurerm_storage_container.blob1",
            "module.StorageAccount.data.azurerm_storage_account_sas.sas-token",
            "module.resource_group.azurerm_resource_group.rg-app",
            "module.vnet.azurerm_subnet.MYSQL-subnet-app",
            "module.vnet.azurerm_subnet.inbound-subnet-app",
            "module.vnet.azurerm_subnet.outbound-subnet-app",
            "module.vnet.azurerm_virtual_network.vnet-app"
          ]
        }
      ]
    },
    {
      "module": "module.FrontDoor",
      "mode": "managed",
      "type": "azurerm_cdn_frontdoor_origin_group",
      "name": "demo",
      "provider": "provider[\"registry.terraform.io/hashicorp/azurerm\"]",
      "instances": [
        {
          "schema_version": 0,
          "attributes": {
            "cdn_frontdoor_profile_id": "/subscriptions/3f4307f4-ae2b-4a54-a328-4564262560d1/resourceGroups/Three-Tiers-APP/providers/Microsoft.Cdn/profiles/mgklayytechdemofrontdoor",
            "health_probe": [
              {
                "interval_in_seconds": 100,
                "path": "/",
                "protocol": "Http",
                "request_type": "HEAD"
              }
            ],
            "id": "/subscriptions/3f4307f4-ae2b-4a54-a328-4564262560d1/resourceGroups/Three-Tiers-APP/providers/Microsoft.Cdn/profiles/mgklayytechdemofrontdoor/originGroups/drupaldemo-origin",
            "load_balancing": [
              {
                "additional_latency_in_milliseconds": 50,
                "sample_size": 4,
                "successful_samples_required": 3
              }
            ],
            "name": "drupaldemo-origin",
            "restore_traffic_time_to_healed_or_new_endpoint_in_minutes": 10,
            "session_affinity_enabled": true,
            "timeouts": null
          },
          "sensitive_attributes": [],
          "identity_schema_version": 0,
          "private": "eyJlMmJmYjczMC1lY2FhLTExZTYtOGY4OC0zNDM2M2JjN2M0YzAiOnsiY3JlYXRlIjoxODAwMDAwMDAwMDAwLCJkZWxldGUiOjE4MDAwMDAwMDAwMDAsInJlYWQiOjMwMDAwMDAwMDAwMCwidXBkYXRlIjoxODAwMDAwMDAwMDAwfX0=",
          "dependencies": [
            "module.APP.azurerm_linux_web_app.mg-app",
            "module.APP.azurerm_private_dns_zone.app-dns",
            "module.APP.azurerm_private_dns_zone_virtual_network_link.link-app-dns",
            "module.APP.azurerm_private_endpoint.demo",
            "module.APP.azurerm_service_plan.mg-plan",
            "module.FrontDoor.azurerm_cdn_frontdoor_profile.demo",
            "module.MYSQL.azurerm_mysql_flexible_database.photos",
            "module.MYSQL.azurerm_mysql_flexible_server.private-mysql-server",
            "module.MYSQL.azurerm_mysql_flexible_server_configuration.require_secure_transport",
            "module.MYSQL.azurerm_private_dns_zone.mysql-dns",
            "module.MYSQL.azurerm_private_dns_zone_virtual_network_link.link-mysql-dns",
            "module.MYSQL.random_password.password",
            "module.StorageAccount.azurerm_private_dns_zone.storage-dns",
            "module.StorageAccount.azurerm_private_dns_zone_virtual_network_link.link-storage-dns",
            "module.StorageAccount.azurerm_private_endpoint.default",
            "module.StorageAccount.azurerm_storage_account.storage-account",
            "module.StorageAccount.azurerm_storage_container.blob1",
            "module.StorageAccount.data.azurerm_storage_account_sas.sas-token",
            "module.resource_group.azurerm_resource_group.rg-app",
            "module.vnet.azurerm_subnet.MYSQL-subnet-app",
            "module.vnet.azurerm_subnet.inbound-subnet-app",
            "module.vnet.azurerm_subnet.outbound-subnet-app",
            "module.vnet.azurerm_virtual_network.vnet-app"
          ]
        }
      ]
    },
    {
      "module": "module.FrontDoor",
      "mode": "managed",
      "type": "azurerm_cdn_frontdoor_profile",
      "name": "demo",
      "provider": "provider[\"registry.terraform.io/hashicorp/azurerm\"]",
      "instances": [
        {
          "schema_version": 0,
          "attributes": {
            "id": "/subscriptions/3f4307f4-ae2b-4a54-a328-4564262560d1/resourceGroups/Three-Tiers-APP/providers/Microsoft.Cdn/profiles/mgklayytechdemofrontdoor",
            "identity": [],
            "name": "mgklayytechdemofrontdoor",
            "resource_group_name": "Three-Tiers-APP",
            "resource_guid": "20ee059f-5cbc-440b-a1c2-83607f3f0143",
            "response_timeout_seconds": 120,
            "sku_name": "Premium_AzureFrontDoor",
            "tags": null,
            "timeouts": null
          },
          "sensitive_attributes": [],
          "identity_schema_version": 0,
          "private": "eyJlMmJmYjczMC1lY2FhLTExZTYtOGY4OC0zNDM2M2JjN2M0YzAiOnsiY3JlYXRlIjoxODAwMDAwMDAwMDAwLCJkZWxldGUiOjE4MDAwMDAwMDAwMDAsInJlYWQiOjMwMDAwMDAwMDAwMCwidXBkYXRlIjoxODAwMDAwMDAwMDAwfX0=",
          "dependencies": [
            "module.APP.azurerm_linux_web_app.mg-app",
            "module.APP.azurerm_private_dns_zone.app-dns",
            "module.APP.azurerm_private_dns_zone_virtual_network_link.link-app-dns",
            "module.APP.azurerm_private_endpoint.demo",
            "module.APP.azurerm_service_plan.mg-plan",
            "module.MYSQL.azurerm_mysql_flexible_database.photos",
            "module.MYSQL.azurerm_mysql_flexible_server.private-mysql-server",
            "module.MYSQL.azurerm_mysql_flexible_server_configuration.require_secure_transport",
            "module.MYSQL.azurerm_private_dns_zone.mysql-dns",
            "module.MYSQL.azurerm_private_dns_zone_virtual_network_link.link-mysql-dns",
            "module.MYSQL.random_password.password",
            "module.StorageAccount.azurerm_private_dns_zone.storage-dns",
            "module.StorageAccount.azurerm_private_dns_zone_virtual_network_link.link-storage-dns",
            "module.StorageAccount.azurerm_private_endpoint.default",
            "module.StorageAccount.azurerm_storage_account.storage-account",
            "module.StorageAccount.azurerm_storage_container.blob1",
            "module.StorageAccount.data.azurerm_storage_account_sas.sas-token",
            "module.resource_group.azurerm_resource_group.rg-app",
            "module.vnet.azurerm_subnet.MYSQL-subnet-app",
            "module.vnet.azurerm_subnet.inbound-subnet-app",
            "module.vnet.azurerm_subnet.outbound-subnet-app",
            "module.vnet.azurerm_virtual_network.vnet-app"
          ]
        }
      ]
    },
    {
      "module": "module.MYSQL",
      "mode": "managed",
      "type": "azurerm_mysql_flexible_database",
      "name": "photos",
      "provider": "provider[\"registry.terraform.io/hashicorp/azurerm\"]",
      "instances": [
        {
          "schema_version": 0,
          "attributes": {
            "charset": "utf8mb4",
            "collation": "utf8mb4_unicode_ci",
            "id": "/subscriptions/3f4307f4-ae2b-4a54-a328-4564262560d1/resourceGroups/Three-Tiers-APP/providers/Microsoft.DBforMySQL/flexibleServers/mg-mysql-server-klayytech/databases/photos",
            "name": "photos",
            "resource_group_name": "Three-Tiers-APP",
            "server_name": "mg-mysql-server-klayytech",
            "timeouts": null
          },
          "sensitive_attributes": [],
          "identity_schema_version": 0,
          "private": "eyJlMmJmYjczMC1lY2FhLTExZTYtOGY4OC0zNDM2M2JjN2M0YzAiOnsiY3JlYXRlIjozNjAwMDAwMDAwMDAwLCJkZWxldGUiOjM2MDAwMDAwMDAwMDAsInJlYWQiOjMwMDAwMDAwMDAwMH19",
          "dependencies": [
            "module.MYSQL.azurerm_mysql_flexible_server.private-mysql-server",
            "module.MYSQL.azurerm_private_dns_zone.mysql-dns",
            "module.MYSQL.azurerm_private_dns_zone_virtual_network_link.link-mysql-dns",
            "module.MYSQL.random_password.password",
            "module.resource_group.azurerm_resource_group.rg-app",
            "module.vnet.azurerm_subnet.MYSQL-subnet-app",
            "module.vnet.azurerm_virtual_network.vnet-app"
          ]
        }
      ]
    },
    {
      "module": "module.MYSQL",
      "mode": "managed",
      "type": "azurerm_mysql_flexible_server",
      "name": "private-mysql-server",
      "provider": "provider[\"registry.terraform.io/hashicorp/azurerm\"]",
      "instances": [
        {
          "schema_version": 0,
          "attributes": {
            "administrator_login": "mysqladmin",
            "administrator_password": "F4_wRyKQ",
            "administrator_password_wo": null,
            "administrator_password_wo_version": 0,
            "backup_retention_days": 7,
            "create_mode": null,
            "customer_managed_key": [],
            "delegated_subnet_id": "/subscriptions/3f4307f4-ae2b-4a54-a328-4564262560d1/resourceGroups/Three-Tiers-APP/providers/Microsoft.Network/virtualNetworks/application-vnet/subnets/MYSQL-subnet",
            "fqdn": "mg-mysql-server-klayytech.mysql.database.azure.com",
            "geo_redundant_backup_enabled": false,
            "high_availability": [
              {
                "mode": "SameZone",
                "standby_availability_zone": "3"
              }
            ],
            "id": "/subscriptions/3f4307f4-ae2b-4a54-a328-4564262560d1/resourceGroups/Three-Tiers-APP/providers/Microsoft.DBforMySQL/flexibleServers/mg-mysql-server-klayytech",
            "identity": [],
            "location": "centralus",
            "maintenance_window": [
              {
                "day_of_week": 0,
                "start_hour": 8,
                "start_minute": 0
              }
            ],
            "name": "mg-mysql-server-klayytech",
            "point_in_time_restore_time_in_utc": null,
            "private_dns_zone_id": "/subscriptions/3f4307f4-ae2b-4a54-a328-4564262560d1/resourceGroups/Three-Tiers-APP/providers/Microsoft.Network/privateDnsZones/private.mysql.database.azure.com",
            "public_network_access": "Disabled",
            "public_network_access_enabled": false,
            "replica_capacity": 10,
            "replication_role": "None",
            "resource_group_name": "Three-Tiers-APP",
            "sku_name": "GP_Standard_D2ds_v4",
            "source_server_id": "",
            "storage": [
              {
                "auto_grow_enabled": true,
                "io_scaling_enabled": false,
                "iops": 360,
                "log_on_disk_enabled": false,
                "size_gb": 20
              }
            ],
            "tags": null,
            "timeouts": null,
            "version": "8.0.21",
            "zone": "3"
          },
          "sensitive_attributes": [
            [
              {
                "type": "get_attr",
                "value": "administrator_password"
              }
            ]
          ],
          "identity_schema_version": 0,
          "private": "eyJlMmJmYjczMC1lY2FhLTExZTYtOGY4OC0zNDM2M2JjN2M0YzAiOnsiY3JlYXRlIjo3MjAwMDAwMDAwMDAwLCJkZWxldGUiOjM2MDAwMDAwMDAwMDAsInJlYWQiOjMwMDAwMDAwMDAwMCwidXBkYXRlIjo3MjAwMDAwMDAwMDAwfX0=",
          "dependencies": [
            "module.MYSQL.azurerm_private_dns_zone.mysql-dns",
            "module.MYSQL.azurerm_private_dns_zone_virtual_network_link.link-mysql-dns",
            "module.MYSQL.random_password.password",
            "module.resource_group.azurerm_resource_group.rg-app",
            "module.vnet.azurerm_subnet.MYSQL-subnet-app",
            "module.vnet.azurerm_virtual_network.vnet-app"
          ]
        }
      ]
    },
    {
      "module": "module.MYSQL",
      "mode": "managed",
      "type": "azurerm_mysql_flexible_server_configuration",
      "name": "require_secure_transport",
      "provider": "provider[\"registry.terraform.io/hashicorp/azurerm\"]",
      "instances": [
        {
          "schema_version": 0,
          "attributes": {
            "id": "/subscriptions/3f4307f4-ae2b-4a54-a328-4564262560d1/resourceGroups/Three-Tiers-APP/providers/Microsoft.DBforMySQL/flexibleServers/mg-mysql-server-klayytech/configurations/require_secure_transport",
            "name": "require_secure_transport",
            "resource_group_name": "Three-Tiers-APP",
            "server_name": "mg-mysql-server-klayytech",
            "timeouts": null,
            "value": "OFF"
          },
          "sensitive_attributes": [],
          "identity_schema_version": 0,
          "private": "eyJlMmJmYjczMC1lY2FhLTExZTYtOGY4OC0zNDM2M2JjN2M0YzAiOnsiY3JlYXRlIjoxODAwMDAwMDAwMDAwLCJkZWxldGUiOjE4MDAwMDAwMDAwMDAsInJlYWQiOjMwMDAwMDAwMDAwMCwidXBkYXRlIjoxODAwMDAwMDAwMDAwfX0=",
          "dependencies": [
            "module.MYSQL.azurerm_mysql_flexible_server.private-mysql-server",
            "module.MYSQL.azurerm_private_dns_zone.mysql-dns",
            "module.MYSQL.azurerm_private_dns_zone_virtual_network_link.link-mysql-dns",
            "module.MYSQL.random_password.password",
            "module.resource_group.azurerm_resource_group.rg-app",
            "module.vnet.azurerm_subnet.MYSQL-subnet-app",
            "module.vnet.azurerm_virtual_network.vnet-app"
          ]
        }
      ]
    },
    {
      "module": "module.MYSQL",
      "mode": "managed",
      "type": "azurerm_private_dns_zone",
      "name": "mysql-dns",
      "provider": "provider[\"registry.terraform.io/hashicorp/azurerm\"]",
      "instances": [
        {
          "schema_version": 0,
          "attributes": {
            "id": "/subscriptions/3f4307f4-ae2b-4a54-a328-4564262560d1/resourceGroups/Three-Tiers-APP/providers/Microsoft.Network/privateDnsZones/private.mysql.database.azure.com",
            "max_number_of_record_sets": 25000,
            "max_number_of_virtual_network_links": 1000,
            "max_number_of_virtual_network_links_with_registration": 100,
            "name": "private.mysql.database.azure.com",
            "number_of_record_sets": 1,
            "resource_group_name": "Three-Tiers-APP",
            "soa_record": [
              {
                "email": "azureprivatedns-host.microsoft.com",
                "expire_time": 2419200,
                "fqdn": "private.mysql.database.azure.com.",
                "host_name": "azureprivatedns.net",
                "minimum_ttl": 10,
                "refresh_time": 3600,
                "retry_time": 300,
                "serial_number": 1,
                "tags": {},
                "ttl": 3600
              }
            ],
            "tags": null,
            "timeouts": null
          },
          "sensitive_attributes": [],
          "identity_schema_version": 0,
          "private": "eyJlMmJmYjczMC1lY2FhLTExZTYtOGY4OC0zNDM2M2JjN2M0YzAiOnsiY3JlYXRlIjoxODAwMDAwMDAwMDAwLCJkZWxldGUiOjE4MDAwMDAwMDAwMDAsInJlYWQiOjMwMDAwMDAwMDAwMCwidXBkYXRlIjoxODAwMDAwMDAwMDAwfX0=",
          "dependencies": [
            "module.resource_group.azurerm_resource_group.rg-app"
          ]
        }
      ]
    },
    {
      "module": "module.MYSQL",
      "mode": "managed",
      "type": "azurerm_private_dns_zone_virtual_network_link",
      "name": "link-mysql-dns",
      "provider": "provider[\"registry.terraform.io/hashicorp/azurerm\"]",
      "instances": [
        {
          "schema_version": 0,
          "attributes": {
            "id": "/subscriptions/3f4307f4-ae2b-4a54-a328-4564262560d1/resourceGroups/Three-Tiers-APP/providers/Microsoft.Network/privateDnsZones/private.mysql.database.azure.com/virtualNetworkLinks/private-mysql-VnetZone.com",
            "name": "private-mysql-VnetZone.com",
            "private_dns_zone_name": "private.mysql.database.azure.com",
            "registration_enabled": false,
            "resource_group_name": "Three-Tiers-APP",
            "tags": null,
            "timeouts": null,
            "virtual_network_id": "/subscriptions/3f4307f4-ae2b-4a54-a328-4564262560d1/resourceGroups/Three-Tiers-APP/providers/Microsoft.Network/virtualNetworks/application-vnet"
          },
          "sensitive_attributes": [],
          "identity_schema_version": 0,
          "private": "eyJlMmJmYjczMC1lY2FhLTExZTYtOGY4OC0zNDM2M2JjN2M0YzAiOnsiY3JlYXRlIjoxODAwMDAwMDAwMDAwLCJkZWxldGUiOjE4MDAwMDAwMDAwMDAsInJlYWQiOjMwMDAwMDAwMDAwMCwidXBkYXRlIjoxODAwMDAwMDAwMDAwfX0=",
          "dependencies": [
            "module.MYSQL.azurerm_private_dns_zone.mysql-dns",
            "module.resource_group.azurerm_resource_group.rg-app",
            "module.vnet.azurerm_virtual_network.vnet-app"
          ]
        }
      ]
    },
    {
      "module": "module.MYSQL",
      "mode": "managed",
      "type": "random_password",
      "name": "password",
      "provider": "provider[\"registry.terraform.io/hashicorp/random\"]",
      "instances": [
        {
          "schema_version": 3,
          "attributes": {
            "bcrypt_hash": "$2a$10$j35Kl1GAQrgQsf4cQEzg5OAfGNx9waQBdS1pApCjuZbc3EVR9rhsi",
            "id": "none",
            "keepers": null,
            "length": 8,
            "lower": true,
            "min_lower": 1,
            "min_numeric": 1,
            "min_special": 1,
            "min_upper": 1,
            "number": true,
            "numeric": true,
            "override_special": "_",
            "result": "F4_wRyKQ",
            "special": true,
            "upper": true
          },
          "sensitive_attributes": [
            [
              {
                "type": "get_attr",
                "value": "bcrypt_hash"
              }
            ],
            [
              {
                "type": "get_attr",
                "value": "result"
              }
            ]
          ],
          "identity_schema_version": 0
        }
      ]
    },
    {
      "module": "module.StorageAccount",
      "mode": "data",
      "type": "azurerm_storage_account_sas",
      "name": "sas-token",
      "provider": "provider[\"registry.terraform.io/hashicorp/azurerm\"]",
      "instances": [
        {
          "schema_version": 0,
          "attributes": {
            "connection_string": "DefaultEndpointsProtocol=https;AccountName=storageaccountmg;AccountKey=ERQQediyCLpsz/D99WORtjGbNo0IbJoDO/4N4ovxp/tzvot34U4fSC4Um5ugxfWZ2UhK1x2GPuJK+AStkl1UjQ==;EndpointSuffix=core.windows.net",
            "expiry": "2026-07-14T15:53:59Z",
            "https_only": false,
            "id": "0487d3c1d707b4c74382ebdc8da333b92ed955bb46c2c1cc4c55863c2b0b17c7",
            "ip_addresses": null,
            "permissions": [
              {
                "add": true,
                "create": true,
                "delete": true,
                "filter": false,
                "list": true,
                "process": false,
                "read": true,
                "tag": false,
                "update": false,
                "write": true
              }
            ],
            "resource_types": [
              {
                "container": true,
                "object": true,
                "service": true
              }
            ],
            "sas": "?sv=2024-11-04\u0026ss=b\u0026srt=sco\u0026sp=rwdlac\u0026se=2026-07-14T15:53:59Z\u0026st=2025-07-14T15:53:59Z\u0026spr=https,http\u0026sig=ZoLUPnYBoxFtooTXhBTV7DOPqiD0W2dy9KSmE5jU2hw%3D",
            "services": [
              {
                "blob": true,
                "file": false,
                "queue": false,
                "table": false
              }
            ],
            "signed_version": "2024-11-04",
            "start": "2025-07-14T15:53:59Z",
            "timeouts": null
          },
          "sensitive_attributes": [
            [
              {
                "type": "get_attr",
                "value": "connection_string"
              }
            ],
            [
              {
                "type": "get_attr",
                "value": "sas"
              }
            ]
          ],
          "identity_schema_version": 0
        }
      ]
    },
    {
      "module": "module.StorageAccount",
      "mode": "managed",
      "type": "azurerm_private_dns_zone",
      "name": "storage-dns",
      "provider": "provider[\"registry.terraform.io/hashicorp/azurerm\"]",
      "instances": [
        {
          "schema_version": 0,
          "attributes": {
            "id": "/subscriptions/3f4307f4-ae2b-4a54-a328-4564262560d1/resourceGroups/Three-Tiers-APP/providers/Microsoft.Network/privateDnsZones/privatelink.blob.core.windows.net",
            "max_number_of_record_sets": 25000,
            "max_number_of_virtual_network_links": 1000,
            "max_number_of_virtual_network_links_with_registration": 100,
            "name": "privatelink.blob.core.windows.net",
            "number_of_record_sets": 1,
            "resource_group_name": "Three-Tiers-APP",
            "soa_record": [
              {
                "email": "azureprivatedns-host.microsoft.com",
                "expire_time": 2419200,
                "fqdn": "privatelink.blob.core.windows.net.",
                "host_name": "azureprivatedns.net",
                "minimum_ttl": 10,
                "refresh_time": 3600,
                "retry_time": 300,
                "serial_number": 1,
                "tags": {},
                "ttl": 3600
              }
            ],
            "tags": null,
            "timeouts": null
          },
          "sensitive_attributes": [],
          "identity_schema_version": 0,
          "private": "eyJlMmJmYjczMC1lY2FhLTExZTYtOGY4OC0zNDM2M2JjN2M0YzAiOnsiY3JlYXRlIjoxODAwMDAwMDAwMDAwLCJkZWxldGUiOjE4MDAwMDAwMDAwMDAsInJlYWQiOjMwMDAwMDAwMDAwMCwidXBkYXRlIjoxODAwMDAwMDAwMDAwfX0=",
          "dependencies": [
            "module.resource_group.azurerm_resource_group.rg-app"
          ]
        }
      ]
    },
    {
      "module": "module.StorageAccount",
      "mode": "managed",
      "type": "azurerm_private_dns_zone_virtual_network_link",
      "name": "link-storage-dns",
      "provider": "provider[\"registry.terraform.io/hashicorp/azurerm\"]",
      "instances": [
        {
          "schema_version": 0,
          "attributes": {
            "id": "/subscriptions/3f4307f4-ae2b-4a54-a328-4564262560d1/resourceGroups/Three-Tiers-APP/providers/Microsoft.Network/privateDnsZones/privatelink.blob.core.windows.net/virtualNetworkLinks/private-storage-VnetZone.com",
            "name": "private-storage-VnetZone.com",
            "private_dns_zone_name": "privatelink.blob.core.windows.net",
            "registration_enabled": false,
            "resource_group_name": "Three-Tiers-APP",
            "tags": null,
            "timeouts": null,
            "virtual_network_id": "/subscriptions/3f4307f4-ae2b-4a54-a328-4564262560d1/resourceGroups/Three-Tiers-APP/providers/Microsoft.Network/virtualNetworks/application-vnet"
          },
          "sensitive_attributes": [],
          "identity_schema_version": 0,
          "private": "eyJlMmJmYjczMC1lY2FhLTExZTYtOGY4OC0zNDM2M2JjN2M0YzAiOnsiY3JlYXRlIjoxODAwMDAwMDAwMDAwLCJkZWxldGUiOjE4MDAwMDAwMDAwMDAsInJlYWQiOjMwMDAwMDAwMDAwMCwidXBkYXRlIjoxODAwMDAwMDAwMDAwfX0=",
          "dependencies": [
            "module.StorageAccount.azurerm_private_dns_zone.storage-dns",
            "module.resource_group.azurerm_resource_group.rg-app",
            "module.vnet.azurerm_virtual_network.vnet-app"
          ]
        }
      ]
    },
    {
      "module": "module.StorageAccount",
      "mode": "managed",
      "type": "azurerm_private_endpoint",
      "name": "default",
      "provider": "provider[\"registry.terraform.io/hashicorp/azurerm\"]",
      "instances": [
        {
          "schema_version": 0,
          "attributes": {
            "custom_dns_configs": [],
            "custom_network_interface_name": "",
            "id": "/subscriptions/3f4307f4-ae2b-4a54-a328-4564262560d1/resourceGroups/Three-Tiers-APP/providers/Microsoft.Network/privateEndpoints/storage-private-endpoint",
            "ip_configuration": [
              {
                "member_name": "blob",
                "name": "EndPoint-NIC",
                "private_ip_address": "10.0.0.60",
                "subresource_name": "blob"
              }
            ],
            "location": "centralus",
            "name": "storage-private-endpoint",
            "network_interface": [
              {
                "id": "/subscriptions/3f4307f4-ae2b-4a54-a328-4564262560d1/resourceGroups/Three-Tiers-APP/providers/Microsoft.Network/networkInterfaces/storage-private-endpoint.nic.99a1c9e8-2b06-4201-aa1e-644026a2d6de",
                "name": "storage-private-endpoint.nic.99a1c9e8-2b06-4201-aa1e-644026a2d6de"
              }
            ],
            "private_dns_zone_configs": [
              {
                "id": "/subscriptions/3f4307f4-ae2b-4a54-a328-4564262560d1/resourceGroups/Three-Tiers-APP/providers/Microsoft.Network/privateEndpoints/storage-private-endpoint/privateDnsZoneGroups/default/privateDnsZoneConfigs/privatelink.blob.core.windows.net",
                "name": "privatelink.blob.core.windows.net",
                "private_dns_zone_id": "/subscriptions/3f4307f4-ae2b-4a54-a328-4564262560d1/resourceGroups/Three-Tiers-APP/providers/Microsoft.Network/privateDnsZones/privatelink.blob.core.windows.net",
                "record_sets": [
                  {
                    "fqdn": "storageaccountmg.privatelink.blob.core.windows.net",
                    "ip_addresses": [
                      "10.0.0.60"
                    ],
                    "name": "storageaccountmg",
                    "ttl": 10,
                    "type": "A"
                  }
                ]
              }
            ],
            "private_dns_zone_group": [
              {
                "id": "/subscriptions/3f4307f4-ae2b-4a54-a328-4564262560d1/resourceGroups/Three-Tiers-APP/providers/Microsoft.Network/privateEndpoints/storage-private-endpoint/privateDnsZoneGroups/default",
                "name": "default",
                "private_dns_zone_ids": [
                  "/subscriptions/3f4307f4-ae2b-4a54-a328-4564262560d1/resourceGroups/Three-Tiers-APP/providers/Microsoft.Network/privateDnsZones/privatelink.blob.core.windows.net"
                ]
              }
            ],
            "private_service_connection": [
              {
                "is_manual_connection": false,
                "name": "storage-private-endpoint_cebfc634",
                "private_connection_resource_alias": "",
                "private_connection_resource_id": "/subscriptions/3f4307f4-ae2b-4a54-a328-4564262560d1/resourceGroups/Three-Tiers-APP/providers/Microsoft.Storage/storageAccounts/storageaccountmg",
                "private_ip_address": "10.0.0.60",
                "request_message": "",
                "subresource_names": [
                  "blob"
                ]
              }
            ],
            "resource_group_name": "Three-Tiers-APP",
            "subnet_id": "/subscriptions/3f4307f4-ae2b-4a54-a328-4564262560d1/resourceGroups/Three-Tiers-APP/providers/Microsoft.Network/virtualNetworks/application-vnet/subnets/default",
            "tags": null,
            "timeouts": null
          },
          "sensitive_attributes": [],
          "identity_schema_version": 0,
          "private": "eyJlMmJmYjczMC1lY2FhLTExZTYtOGY4OC0zNDM2M2JjN2M0YzAiOnsiY3JlYXRlIjozNjAwMDAwMDAwMDAwLCJkZWxldGUiOjM2MDAwMDAwMDAwMDAsInJlYWQiOjMwMDAwMDAwMDAwMCwidXBkYXRlIjozNjAwMDAwMDAwMDAwfX0=",
          "dependencies": [
            "module.StorageAccount.azurerm_private_dns_zone.storage-dns",
            "module.StorageAccount.azurerm_storage_account.storage-account",
            "module.resource_group.azurerm_resource_group.rg-app",
            "module.vnet.azurerm_subnet.inbound-subnet-app",
            "module.vnet.azurerm_virtual_network.vnet-app"
          ]
        }
      ]
    },
    {
      "module": "module.StorageAccount",
      "mode": "managed",
      "type": "azurerm_storage_account",
      "name": "storage-account",
      "provider": "provider[\"registry.terraform.io/hashicorp/azurerm\"]",
      "instances": [
        {
          "schema_version": 4,
          "attributes": {
            "access_tier": "Hot",
            "account_kind": "StorageV2",
            "account_replication_type": "LRS",
            "account_tier": "Standard",
            "allow_nested_items_to_be_public": false,
            "allowed_copy_scope": "",
            "azure_files_authentication": [],
            "blob_properties": [
              {
                "change_feed_enabled": false,
                "change_feed_retention_in_days": 0,
                "container_delete_retention_policy": [
                  {
                    "days": 7
                  }
                ],
                "cors_rule": [],
                "default_service_version": "",
                "delete_retention_policy": [
                  {
                    "days": 7,
                    "permanent_delete_enabled": false
                  }
                ],
                "last_access_time_enabled": false,
                "restore_policy": [],
                "versioning_enabled": false
              }
            ],
            "cross_tenant_replication_enabled": false,
            "custom_domain": [],
            "customer_managed_key": [],
            "default_to_oauth_authentication": false,
            "dns_endpoint_type": "Standard",
            "edge_zone": "",
            "https_traffic_only_enabled": true,
            "id": "/subscriptions/3f4307f4-ae2b-4a54-a328-4564262560d1/resourceGroups/Three-Tiers-APP/providers/Microsoft.Storage/storageAccounts/storageaccountmg",
            "identity": [],
            "immutability_policy": [],
            "infrastructure_encryption_enabled": false,
            "is_hns_enabled": false,
            "large_file_share_enabled": true,
            "local_user_enabled": true,
            "location": "centralus",
            "min_tls_version": "TLS1_2",
            "name": "storageaccountmg",
            "network_rules": [],
            "nfsv3_enabled": false,
            "primary_access_key": "ERQQediyCLpsz/D99WORtjGbNo0IbJoDO/4N4ovxp/tzvot34U4fSC4Um5ugxfWZ2UhK1x2GPuJK+AStkl1UjQ==",
            "primary_blob_connection_string": "DefaultEndpointsProtocol=https;BlobEndpoint=https://storageaccountmg.blob.core.windows.net/;AccountName=storageaccountmg;AccountKey=ERQQediyCLpsz/D99WORtjGbNo0IbJoDO/4N4ovxp/tzvot34U4fSC4Um5ugxfWZ2UhK1x2GPuJK+AStkl1UjQ==",
            "primary_blob_endpoint": "https://storageaccountmg.blob.core.windows.net/",
            "primary_blob_host": "storageaccountmg.blob.core.windows.net",
            "primary_blob_internet_endpoint": "",
            "primary_blob_internet_host": "",
            "primary_blob_microsoft_endpoint": "",
            "primary_blob_microsoft_host": "",
            "primary_connection_string": "DefaultEndpointsProtocol=https;AccountName=storageaccountmg;AccountKey=ERQQediyCLpsz/D99WORtjGbNo0IbJoDO/4N4ovxp/tzvot34U4fSC4Um5ugxfWZ2UhK1x2GPuJK+AStkl1UjQ==;EndpointSuffix=core.windows.net",
            "primary_dfs_endpoint": "https://storageaccountmg.dfs.core.windows.net/",
            "primary_dfs_host": "storageaccountmg.dfs.core.windows.net",
            "primary_dfs_internet_endpoint": "",
            "primary_dfs_internet_host": "",
            "primary_dfs_microsoft_endpoint": "",
            "primary_dfs_microsoft_host": "",
            "primary_file_endpoint": "https://storageaccountmg.file.core.windows.net/",
            "primary_file_host": "storageaccountmg.file.core.windows.net",
            "primary_file_internet_endpoint": "",
            "primary_file_internet_host": "",
            "primary_file_microsoft_endpoint": "",
            "primary_file_microsoft_host": "",
            "primary_location": "centralus",
            "primary_queue_endpoint": "https://storageaccountmg.queue.core.windows.net/",
            "primary_queue_host": "storageaccountmg.queue.core.windows.net",
            "primary_queue_microsoft_endpoint": "",
            "primary_queue_microsoft_host": "",
            "primary_table_endpoint": "https://storageaccountmg.table.core.windows.net/",
            "primary_table_host": "storageaccountmg.table.core.windows.net",
            "primary_table_microsoft_endpoint": "",
            "primary_table_microsoft_host": "",
            "primary_web_endpoint": "https://storageaccountmg.z19.web.core.windows.net/",
            "primary_web_host": "storageaccountmg.z19.web.core.windows.net",
            "primary_web_internet_endpoint": "",
            "primary_web_internet_host": "",
            "primary_web_microsoft_endpoint": "",
            "primary_web_microsoft_host": "",
            "public_network_access_enabled": false,
            "queue_encryption_key_type": "Service",
            "queue_properties": [
              {
                "cors_rule": [],
                "hour_metrics": [
                  {
                    "enabled": false,
                    "include_apis": false,
                    "retention_policy_days": 0,
                    "version": "1.0"
                  }
                ],
                "logging": [
                  {
                    "delete": false,
                    "read": false,
                    "retention_policy_days": 0,
                    "version": "1.0",
                    "write": false
                  }
                ],
                "minute_metrics": [
                  {
                    "enabled": false,
                    "include_apis": false,
                    "retention_policy_days": 0,
                    "version": "1.0"
                  }
                ]
              }
            ],
            "resource_group_name": "Three-Tiers-APP",
            "routing": [],
            "sas_policy": [],
            "secondary_access_key": "kHgpJJS1loBzDibLY7LJ2xecnM0TENKFaMJfT/b4udWGA77ZnyQNUeLLYImaHcNPZaQjZ5iXpDcF+AStB0zAAw==",
            "secondary_blob_connection_string": "",
            "secondary_blob_endpoint": "",
            "secondary_blob_host": "",
            "secondary_blob_internet_endpoint": "",
            "secondary_blob_internet_host": "",
            "secondary_blob_microsoft_endpoint": "",
            "secondary_blob_microsoft_host": "",
            "secondary_connection_string": "DefaultEndpointsProtocol=https;AccountName=storageaccountmg;AccountKey=kHgpJJS1loBzDibLY7LJ2xecnM0TENKFaMJfT/b4udWGA77ZnyQNUeLLYImaHcNPZaQjZ5iXpDcF+AStB0zAAw==;EndpointSuffix=core.windows.net",
            "secondary_dfs_endpoint": "",
            "secondary_dfs_host": "",
            "secondary_dfs_internet_endpoint": "",
            "secondary_dfs_internet_host": "",
            "secondary_dfs_microsoft_endpoint": "",
            "secondary_dfs_microsoft_host": "",
            "secondary_file_endpoint": "",
            "secondary_file_host": "",
            "secondary_file_internet_endpoint": "",
            "secondary_file_internet_host": "",
            "secondary_file_microsoft_endpoint": "",
            "secondary_file_microsoft_host": "",
            "secondary_location": "",
            "secondary_queue_endpoint": "",
            "secondary_queue_host": "",
            "secondary_queue_microsoft_endpoint": "",
            "secondary_queue_microsoft_host": "",
            "secondary_table_endpoint": "",
            "secondary_table_host": "",
            "secondary_table_microsoft_endpoint": "",
            "secondary_table_microsoft_host": "",
            "secondary_web_endpoint": "",
            "secondary_web_host": "",
            "secondary_web_internet_endpoint": "",
            "secondary_web_internet_host": "",
            "secondary_web_microsoft_endpoint": "",
            "secondary_web_microsoft_host": "",
            "sftp_enabled": false,
            "share_properties": [
              {
                "cors_rule": [],
                "retention_policy": [
                  {
                    "days": 7
                  }
                ],
                "smb": []
              }
            ],
            "shared_access_key_enabled": true,
            "static_website": [],
            "table_encryption_key_type": "Service",
            "tags": null,
            "timeouts": null
          },
          "sensitive_attributes": [
            [
              {
                "type": "get_attr",
                "value": "primary_access_key"
              }
            ],
            [
              {
                "type": "get_attr",
                "value": "primary_blob_connection_string"
              }
            ],
            [
              {
                "type": "get_attr",
                "value": "primary_connection_string"
              }
            ],
            [
              {
                "type": "get_attr",
                "value": "secondary_access_key"
              }
            ],
            [
              {
                "type": "get_attr",
                "value": "secondary_blob_connection_string"
              }
            ],
            [
              {
                "type": "get_attr",
                "value": "secondary_connection_string"
              }
            ]
          ],
          "identity_schema_version": 0,
          "private": "eyJlMmJmYjczMC1lY2FhLTExZTYtOGY4OC0zNDM2M2JjN2M0YzAiOnsiY3JlYXRlIjozNjAwMDAwMDAwMDAwLCJkZWxldGUiOjM2MDAwMDAwMDAwMDAsInJlYWQiOjMwMDAwMDAwMDAwMCwidXBkYXRlIjozNjAwMDAwMDAwMDAwfSwic2NoZW1hX3ZlcnNpb24iOiI0In0=",
          "dependencies": [
            "module.resource_group.azurerm_resource_group.rg-app"
          ]
        }
      ]
    },
    {
      "module": "module.StorageAccount",
      "mode": "managed",
      "type": "azurerm_storage_container",
      "name": "blob1",
      "provider": "provider[\"registry.terraform.io/hashicorp/azurerm\"]",
      "instances": [
        {
          "schema_version": 1,
          "attributes": {
            "container_access_type": "private",
            "default_encryption_scope": "$account-encryption-key",
            "encryption_scope_override_enabled": true,
            "has_immutability_policy": false,
            "has_legal_hold": false,
            "id": "/subscriptions/3f4307f4-ae2b-4a54-a328-4564262560d1/resourceGroups/Three-Tiers-APP/providers/Microsoft.Storage/storageAccounts/storageaccountmg/blobServices/default/containers/webapp-images",
            "metadata": {},
            "name": "webapp-images",
            "resource_manager_id": "/subscriptions/3f4307f4-ae2b-4a54-a328-4564262560d1/resourceGroups/Three-Tiers-APP/providers/Microsoft.Storage/storageAccounts/storageaccountmg/blobServices/default/containers/webapp-images",
            "storage_account_id": "/subscriptions/3f4307f4-ae2b-4a54-a328-4564262560d1/resourceGroups/Three-Tiers-APP/providers/Microsoft.Storage/storageAccounts/storageaccountmg",
            "storage_account_name": "",
            "timeouts": null
          },
          "sensitive_attributes": [],
          "identity_schema_version": 0,
          "private": "eyJlMmJmYjczMC1lY2FhLTExZTYtOGY4OC0zNDM2M2JjN2M0YzAiOnsiY3JlYXRlIjoxODAwMDAwMDAwMDAwLCJkZWxldGUiOjE4MDAwMDAwMDAwMDAsInJlYWQiOjMwMDAwMDAwMDAwMCwidXBkYXRlIjoxODAwMDAwMDAwMDAwfSwic2NoZW1hX3ZlcnNpb24iOiIxIn0=",
          "dependencies": [
            "module.StorageAccount.azurerm_storage_account.storage-account",
            "module.resource_group.azurerm_resource_group.rg-app"
          ]
        }
      ]
    },
    {
      "module": "module.VM",
      "mode": "data",
      "type": "template_file",
      "name": "vm_script",
      "provider": "provider[\"registry.terraform.io/hashicorp/template\"]",
      "instances": [
        {
          "schema_version": 0,
          "attributes": {
            "filename": null,
            "id": "7dad9bc135832b76771dcbff09daa15ec6921c2f7af30d417d5fe19b96035cce",
            "rendered": "#!/bin/bash\n\n# This script installs the Azure CLI and MySQL client on an Ubuntu VM.\n\n# Get packages needed for the installation process:\nsudo apt update -y\nsudo apt install mysql-client zip -y\n\n# The following command installs the Azure CLI on Ubuntu without user interaction.\ncurl -sL https://aka.ms/InstallAzureCLIDeb | sudo DEBIAN_FRONTEND=noninteractive bash\n\nCreate Tables\nmysql -h mg-mysql-server-klayytech.mysql.database.azure.com -u mysqladmin -p\"F4_wRyKQ\" -e \"\nCREATE TABLE users (\n    id INT AUTO_INCREMENT PRIMARY KEY,\n    username VARCHAR(50) UNIQUE NOT NULL,\n    password_hash VARCHAR(255) NOT NULL\n);\n\"\nmysql -h mg-mysql-server-klayytech.mysql.database.azure.com -u mysqladmin -p\"F4_wRyKQ\" -e \"\nCREATE TABLE images (\n    id INT AUTO_INCREMENT PRIMARY KEY,\n    user_id INT NOT NULL,\n    filename VARCHAR(255) NOT NULL,\n    url TEXT NOT NULL,\n    uploaded_at TIMESTAMP DEFAULT CURRENT_TIMESTAMP,\n    FOREIGN KEY (user_id) REFERENCES users(id) ON DELETE CASCADE\n);\n\"",
            "template": "#!/bin/bash\n\n# This script installs the Azure CLI and MySQL client on an Ubuntu VM.\n\n# Get packages needed for the installation process:\nsudo apt update -y\nsudo apt install mysql-client zip -y\n\n# The following command installs the Azure CLI on Ubuntu without user interaction.\ncurl -sL https://aka.ms/InstallAzureCLIDeb | sudo DEBIAN_FRONTEND=noninteractive bash\n\nCreate Tables\nmysql -h ${mysql_host} -u ${mysql_user} -p\"${mysql_password}\" -e \"\nCREATE TABLE users (\n    id INT AUTO_INCREMENT PRIMARY KEY,\n    username VARCHAR(50) UNIQUE NOT NULL,\n    password_hash VARCHAR(255) NOT NULL\n);\n\"\nmysql -h ${mysql_host} -u ${mysql_user} -p\"${mysql_password}\" -e \"\nCREATE TABLE images (\n    id INT AUTO_INCREMENT PRIMARY KEY,\n    user_id INT NOT NULL,\n    filename VARCHAR(255) NOT NULL,\n    url TEXT NOT NULL,\n    uploaded_at TIMESTAMP DEFAULT CURRENT_TIMESTAMP,\n    FOREIGN KEY (user_id) REFERENCES users(id) ON DELETE CASCADE\n);\n\"",
            "vars": {
              "mysql_host": "mg-mysql-server-klayytech.mysql.database.azure.com",
              "mysql_password": "F4_wRyKQ",
              "mysql_user": "mysqladmin"
            }
          },
          "sensitive_attributes": [
            [
              {
                "type": "get_attr",
                "value": "vars"
              },
              {
                "type": "index",
                "value": {
                  "value": "mysql_password",
                  "type": "string"
                }
              }
            ]
          ],
          "identity_schema_version": 0
        }
      ]
    },
    {
      "module": "module.VM",
      "mode": "managed",
      "type": "azurerm_linux_virtual_machine",
      "name": "jumpbox-vm",
      "provider": "provider[\"registry.terraform.io/hashicorp/azurerm\"]",
      "instances": [
        {
          "schema_version": 0,
          "attributes": {
            "additional_capabilities": [],
            "admin_password": "Mahmoud1999@",
            "admin_ssh_key": [],
            "admin_username": "adminuser",
            "allow_extension_operations": true,
            "availability_set_id": "",
            "boot_diagnostics": [],
            "bypass_platform_safety_checks_on_user_schedule_enabled": false,
            "capacity_reservation_group_id": "",
            "computer_name": "jumpbox-machine",
            "custom_data": null,
            "dedicated_host_group_id": "",
            "dedicated_host_id": "",
            "disable_password_authentication": false,
            "disk_controller_type": "",
            "edge_zone": "",
            "encryption_at_host_enabled": false,
            "eviction_policy": "",
            "extensions_time_budget": "PT1H30M",
            "gallery_application": [],
            "id": "/subscriptions/3f4307f4-ae2b-4a54-a328-4564262560d1/resourceGroups/Three-Tiers-APP/providers/Microsoft.Compute/virtualMachines/jumpbox-machine",
            "identity": [],
            "license_type": "",
            "location": "centralus",
            "max_bid_price": -1,
            "name": "jumpbox-machine",
            "network_interface_ids": [
              "/subscriptions/3f4307f4-ae2b-4a54-a328-4564262560d1/resourceGroups/Three-Tiers-APP/providers/Microsoft.Network/networkInterfaces/jumpbox-nic"
            ],
            "os_disk": [
              {
                "caching": "ReadWrite",
                "diff_disk_settings": [],
                "disk_encryption_set_id": "",
                "disk_size_gb": 30,
                "id": "/subscriptions/3f4307f4-ae2b-4a54-a328-4564262560d1/resourceGroups/Three-Tiers-APP/providers/Microsoft.Compute/disks/jumpbox-machine_disk1_df8a1b38aea045d0a47c184e1b555f1c",
                "name": "jumpbox-machine_disk1_df8a1b38aea045d0a47c184e1b555f1c",
                "secure_vm_disk_encryption_set_id": "",
                "security_encryption_type": "",
                "storage_account_type": "Standard_LRS",
                "write_accelerator_enabled": false
              }
            ],
            "os_image_notification": [],
            "patch_assessment_mode": "ImageDefault",
            "patch_mode": "ImageDefault",
            "plan": [],
            "platform_fault_domain": -1,
            "priority": "Regular",
            "private_ip_address": "10.0.0.20",
            "private_ip_addresses": [
              "10.0.0.20"
            ],
            "provision_vm_agent": true,
            "proximity_placement_group_id": "",
            "public_ip_address": "132.196.89.15",
            "public_ip_addresses": [
              "132.196.89.15"
            ],
            "reboot_setting": "",
            "resource_group_name": "Three-Tiers-APP",
            "secret": [],
            "secure_boot_enabled": false,
            "size": "Standard_F2",
            "source_image_id": "",
            "source_image_reference": [
              {
                "offer": "0001-com-ubuntu-server-jammy",
                "publisher": "Canonical",
                "sku": "22_04-lts",
                "version": "latest"
              }
            ],
            "tags": null,
            "termination_notification": null,
            "timeouts": null,
            "user_data": "",
            "virtual_machine_id": "41aa1c4a-3d7e-4399-91a8-5838b3d9b95a",
            "virtual_machine_scale_set_id": "",
            "vm_agent_platform_updates_enabled": false,
            "vtpm_enabled": false,
            "zone": ""
          },
          "sensitive_attributes": [
            [
              {
                "type": "get_attr",
                "value": "admin_password"
              }
            ],
            [
              {
                "type": "get_attr",
                "value": "custom_data"
              }
            ]
          ],
          "identity_schema_version": 0,
          "private": "eyJlMmJmYjczMC1lY2FhLTExZTYtOGY4OC0zNDM2M2JjN2M0YzAiOnsiY3JlYXRlIjoyNzAwMDAwMDAwMDAwLCJkZWxldGUiOjI3MDAwMDAwMDAwMDAsInJlYWQiOjMwMDAwMDAwMDAwMCwidXBkYXRlIjoyNzAwMDAwMDAwMDAwfX0=",
          "dependencies": [
            "module.MYSQL.azurerm_mysql_flexible_database.photos",
            "module.MYSQL.azurerm_mysql_flexible_server.private-mysql-server",
            "module.MYSQL.azurerm_mysql_flexible_server_configuration.require_secure_transport",
            "module.MYSQL.azurerm_private_dns_zone.mysql-dns",
            "module.MYSQL.azurerm_private_dns_zone_virtual_network_link.link-mysql-dns",
            "module.MYSQL.random_password.password",
            "module.VM.azurerm_network_interface.nic-jumpbox-vm",
            "module.VM.azurerm_public_ip.jumpbox-public-ip",
            "module.resource_group.azurerm_resource_group.rg-app",
            "module.vnet.azurerm_subnet.MYSQL-subnet-app",
            "module.vnet.azurerm_subnet.inbound-subnet-app",
            "module.vnet.azurerm_virtual_network.vnet-app"
          ]
        }
      ]
    },
    {
      "module": "module.VM",
      "mode": "managed",
      "type": "azurerm_network_interface",
      "name": "nic-jumpbox-vm",
      "provider": "provider[\"registry.terraform.io/hashicorp/azurerm\"]",
      "instances": [
        {
          "schema_version": 0,
          "attributes": {
            "accelerated_networking_enabled": false,
            "applied_dns_servers": [],
            "auxiliary_mode": "",
            "auxiliary_sku": "",
            "dns_servers": null,
            "edge_zone": "",
            "id": "/subscriptions/3f4307f4-ae2b-4a54-a328-4564262560d1/resourceGroups/Three-Tiers-APP/providers/Microsoft.Network/networkInterfaces/jumpbox-nic",
            "internal_dns_name_label": "",
            "internal_domain_name_suffix": "cpaq4ggcl1qezjf3g1zdo4gy0h.gx.internal.cloudapp.net",
            "ip_configuration": [
              {
                "gateway_load_balancer_frontend_ip_configuration_id": "",
                "name": "internal",
                "primary": true,
                "private_ip_address": "10.0.0.20",
                "private_ip_address_allocation": "Static",
                "private_ip_address_version": "IPv4",
                "public_ip_address_id": "/subscriptions/3f4307f4-ae2b-4a54-a328-4564262560d1/resourceGroups/Three-Tiers-APP/providers/Microsoft.Network/publicIPAddresses/jumpbox-public-ip",
                "subnet_id": "/subscriptions/3f4307f4-ae2b-4a54-a328-4564262560d1/resourceGroups/Three-Tiers-APP/providers/Microsoft.Network/virtualNetworks/application-vnet/subnets/default"
              }
            ],
            "ip_forwarding_enabled": false,
            "location": "centralus",
            "mac_address": "",
            "name": "jumpbox-nic",
            "private_ip_address": "10.0.0.20",
            "private_ip_addresses": [
              "10.0.0.20"
            ],
            "resource_group_name": "Three-Tiers-APP",
            "tags": null,
            "timeouts": null,
            "virtual_machine_id": ""
          },
          "sensitive_attributes": [],
          "identity_schema_version": 0,
          "private": "eyJlMmJmYjczMC1lY2FhLTExZTYtOGY4OC0zNDM2M2JjN2M0YzAiOnsiY3JlYXRlIjoxODAwMDAwMDAwMDAwLCJkZWxldGUiOjE4MDAwMDAwMDAwMDAsInJlYWQiOjMwMDAwMDAwMDAwMCwidXBkYXRlIjoxODAwMDAwMDAwMDAwfX0=",
          "dependencies": [
            "module.MYSQL.azurerm_mysql_flexible_database.photos",
            "module.MYSQL.azurerm_mysql_flexible_server.private-mysql-server",
            "module.MYSQL.azurerm_mysql_flexible_server_configuration.require_secure_transport",
            "module.MYSQL.azurerm_private_dns_zone.mysql-dns",
            "module.MYSQL.azurerm_private_dns_zone_virtual_network_link.link-mysql-dns",
            "module.MYSQL.random_password.password",
            "module.VM.azurerm_public_ip.jumpbox-public-ip",
            "module.resource_group.azurerm_resource_group.rg-app",
            "module.vnet.azurerm_subnet.MYSQL-subnet-app",
            "module.vnet.azurerm_subnet.inbound-subnet-app",
            "module.vnet.azurerm_virtual_network.vnet-app"
          ]
        }
      ]
    },
    {
      "module": "module.VM",
      "mode": "managed",
      "type": "azurerm_network_interface_security_group_association",
      "name": "nsg_assoc_jumpbox",
      "provider": "provider[\"registry.terraform.io/hashicorp/azurerm\"]",
      "instances": [
        {
          "schema_version": 0,
          "attributes": {
            "id": "/subscriptions/3f4307f4-ae2b-4a54-a328-4564262560d1/resourceGroups/Three-Tiers-APP/providers/Microsoft.Network/networkInterfaces/jumpbox-nic|/subscriptions/3f4307f4-ae2b-4a54-a328-4564262560d1/resourceGroups/Three-Tiers-APP/providers/Microsoft.Network/networkSecurityGroups/nsg-jumpbox",
            "network_interface_id": "/subscriptions/3f4307f4-ae2b-4a54-a328-4564262560d1/resourceGroups/Three-Tiers-APP/providers/Microsoft.Network/networkInterfaces/jumpbox-nic",
            "network_security_group_id": "/subscriptions/3f4307f4-ae2b-4a54-a328-4564262560d1/resourceGroups/Three-Tiers-APP/providers/Microsoft.Network/networkSecurityGroups/nsg-jumpbox",
            "timeouts": null
          },
          "sensitive_attributes": [],
          "identity_schema_version": 0,
          "private": "eyJlMmJmYjczMC1lY2FhLTExZTYtOGY4OC0zNDM2M2JjN2M0YzAiOnsiY3JlYXRlIjoxODAwMDAwMDAwMDAwLCJkZWxldGUiOjE4MDAwMDAwMDAwMDAsInJlYWQiOjMwMDAwMDAwMDAwMH19",
          "dependencies": [
            "module.MYSQL.azurerm_mysql_flexible_database.photos",
            "module.MYSQL.azurerm_mysql_flexible_server.private-mysql-server",
            "module.MYSQL.azurerm_mysql_flexible_server_configuration.require_secure_transport",
            "module.MYSQL.azurerm_private_dns_zone.mysql-dns",
            "module.MYSQL.azurerm_private_dns_zone_virtual_network_link.link-mysql-dns",
            "module.MYSQL.random_password.password",
            "module.VM.azurerm_network_interface.nic-jumpbox-vm",
            "module.VM.azurerm_network_security_group.nsg_jumpbox",
            "module.VM.azurerm_public_ip.jumpbox-public-ip",
            "module.resource_group.azurerm_resource_group.rg-app",
            "module.vnet.azurerm_subnet.MYSQL-subnet-app",
            "module.vnet.azurerm_subnet.inbound-subnet-app",
            "module.vnet.azurerm_virtual_network.vnet-app"
          ]
        }
      ]
    },
    {
      "module": "module.VM",
      "mode": "managed",
      "type": "azurerm_network_security_group",
      "name": "nsg_jumpbox",
      "provider": "provider[\"registry.terraform.io/hashicorp/azurerm\"]",
      "instances": [
        {
          "schema_version": 0,
          "attributes": {
            "id": "/subscriptions/3f4307f4-ae2b-4a54-a328-4564262560d1/resourceGroups/Three-Tiers-APP/providers/Microsoft.Network/networkSecurityGroups/nsg-jumpbox",
            "location": "centralus",
            "name": "nsg-jumpbox",
            "resource_group_name": "Three-Tiers-APP",
            "security_rule": [
              {
                "access": "Allow",
                "description": "",
                "destination_address_prefix": "*",
                "destination_address_prefixes": [],
                "destination_application_security_group_ids": [],
                "destination_port_range": "22",
                "destination_port_ranges": [],
                "direction": "Inbound",
                "name": "Allow-SSH",
                "priority": 1001,
                "protocol": "Tcp",
                "source_address_prefix": "*",
                "source_address_prefixes": [],
                "source_application_security_group_ids": [],
                "source_port_range": "*",
                "source_port_ranges": []
              }
            ],
            "tags": null,
            "timeouts": null
          },
          "sensitive_attributes": [],
          "identity_schema_version": 0,
          "private": "eyJlMmJmYjczMC1lY2FhLTExZTYtOGY4OC0zNDM2M2JjN2M0YzAiOnsiY3JlYXRlIjoxODAwMDAwMDAwMDAwLCJkZWxldGUiOjE4MDAwMDAwMDAwMDAsInJlYWQiOjMwMDAwMDAwMDAwMCwidXBkYXRlIjoxODAwMDAwMDAwMDAwfX0=",
          "dependencies": [
            "module.MYSQL.azurerm_mysql_flexible_database.photos",
            "module.MYSQL.azurerm_mysql_flexible_server.private-mysql-server",
            "module.MYSQL.azurerm_mysql_flexible_server_configuration.require_secure_transport",
            "module.MYSQL.azurerm_private_dns_zone.mysql-dns",
            "module.MYSQL.azurerm_private_dns_zone_virtual_network_link.link-mysql-dns",
            "module.MYSQL.random_password.password",
            "module.resource_group.azurerm_resource_group.rg-app",
            "module.vnet.azurerm_subnet.MYSQL-subnet-app",
            "module.vnet.azurerm_virtual_network.vnet-app"
          ]
        }
      ]
    },
    {
      "module": "module.VM",
      "mode": "managed",
      "type": "azurerm_public_ip",
      "name": "jumpbox-public-ip",
      "provider": "provider[\"registry.terraform.io/hashicorp/azurerm\"]",
      "instances": [
        {
          "schema_version": 0,
          "attributes": {
            "allocation_method": "Static",
            "ddos_protection_mode": "VirtualNetworkInherited",
            "ddos_protection_plan_id": null,
            "domain_name_label": null,
            "domain_name_label_scope": null,
            "edge_zone": "",
            "fqdn": null,
            "id": "/subscriptions/3f4307f4-ae2b-4a54-a328-4564262560d1/resourceGroups/Three-Tiers-APP/providers/Microsoft.Network/publicIPAddresses/jumpbox-public-ip",
            "idle_timeout_in_minutes": 4,
            "ip_address": "132.196.89.15",
            "ip_tags": null,
            "ip_version": "IPv4",
            "location": "centralus",
            "name": "jumpbox-public-ip",
            "public_ip_prefix_id": null,
            "resource_group_name": "Three-Tiers-APP",
            "reverse_fqdn": null,
            "sku": "Standard",
            "sku_tier": "Regional",
            "tags": null,
            "timeouts": null,
            "zones": null
          },
          "sensitive_attributes": [],
          "identity_schema_version": 0,
          "private": "eyJlMmJmYjczMC1lY2FhLTExZTYtOGY4OC0zNDM2M2JjN2M0YzAiOnsiY3JlYXRlIjoxODAwMDAwMDAwMDAwLCJkZWxldGUiOjE4MDAwMDAwMDAwMDAsInJlYWQiOjMwMDAwMDAwMDAwMCwidXBkYXRlIjoxODAwMDAwMDAwMDAwfX0=",
          "dependencies": [
            "module.MYSQL.azurerm_mysql_flexible_database.photos",
            "module.MYSQL.azurerm_mysql_flexible_server.private-mysql-server",
            "module.MYSQL.azurerm_mysql_flexible_server_configuration.require_secure_transport",
            "module.MYSQL.azurerm_private_dns_zone.mysql-dns",
            "module.MYSQL.azurerm_private_dns_zone_virtual_network_link.link-mysql-dns",
            "module.MYSQL.random_password.password",
            "module.resource_group.azurerm_resource_group.rg-app",
            "module.vnet.azurerm_subnet.MYSQL-subnet-app",
            "module.vnet.azurerm_virtual_network.vnet-app"
          ]
        }
      ]
    },
    {
      "module": "module.VM",
      "mode": "managed",
      "type": "null_resource",
      "name": "provision_jumpbox",
      "provider": "provider[\"registry.terraform.io/hashicorp/null\"]",
      "instances": [
        {
          "status": "tainted",
          "schema_version": 0,
          "attributes": {
            "id": "8767275289687075322",
            "triggers": null
          },
          "sensitive_attributes": [],
          "identity_schema_version": 0,
          "dependencies": [
            "module.MYSQL.azurerm_mysql_flexible_database.photos",
            "module.MYSQL.azurerm_mysql_flexible_server.private-mysql-server",
            "module.MYSQL.azurerm_mysql_flexible_server_configuration.require_secure_transport",
            "module.MYSQL.azurerm_private_dns_zone.mysql-dns",
            "module.MYSQL.azurerm_private_dns_zone_virtual_network_link.link-mysql-dns",
            "module.MYSQL.random_password.password",
            "module.VM.azurerm_linux_virtual_machine.jumpbox-vm",
            "module.VM.azurerm_network_interface.nic-jumpbox-vm",
            "module.VM.azurerm_network_security_group.nsg_jumpbox",
            "module.VM.azurerm_public_ip.jumpbox-public-ip",
            "module.VM.data.template_file.vm_script",
            "module.resource_group.azurerm_resource_group.rg-app",
            "module.vnet.azurerm_subnet.MYSQL-subnet-app",
            "module.vnet.azurerm_subnet.inbound-subnet-app",
            "module.vnet.azurerm_virtual_network.vnet-app"
          ]
        }
      ]
    },
    {
      "module": "module.resource_group",
      "mode": "managed",
      "type": "azurerm_resource_group",
      "name": "rg-app",
      "provider": "provider[\"registry.terraform.io/hashicorp/azurerm\"]",
      "instances": [
        {
          "schema_version": 0,
          "attributes": {
            "id": "/subscriptions/3f4307f4-ae2b-4a54-a328-4564262560d1/resourceGroups/Three-Tiers-APP",
            "location": "centralus",
            "managed_by": "",
            "name": "Three-Tiers-APP",
            "tags": null,
            "timeouts": null
          },
          "sensitive_attributes": [],
          "identity_schema_version": 0,
          "private": "eyJlMmJmYjczMC1lY2FhLTExZTYtOGY4OC0zNDM2M2JjN2M0YzAiOnsiY3JlYXRlIjo1NDAwMDAwMDAwMDAwLCJkZWxldGUiOjU0MDAwMDAwMDAwMDAsInJlYWQiOjMwMDAwMDAwMDAwMCwidXBkYXRlIjo1NDAwMDAwMDAwMDAwfX0="
        }
      ]
    },
    {
      "module": "module.vnet",
      "mode": "managed",
      "type": "azurerm_subnet",
      "name": "MYSQL-subnet-app",
      "provider": "provider[\"registry.terraform.io/hashicorp/azurerm\"]",
      "instances": [
        {
          "schema_version": 0,
          "attributes": {
            "address_prefixes": [
              "10.0.2.0/24"
            ],
            "default_outbound_access_enabled": true,
            "delegation": [
              {
                "name": "delegation",
                "service_delegation": [
                  {
                    "actions": [
                      "Microsoft.Network/virtualNetworks/subnets/join/action"
                    ],
                    "name": "Microsoft.DBforMySQL/flexibleServers"
                  }
                ]
              }
            ],
            "id": "/subscriptions/3f4307f4-ae2b-4a54-a328-4564262560d1/resourceGroups/Three-Tiers-APP/providers/Microsoft.Network/virtualNetworks/application-vnet/subnets/MYSQL-subnet",
            "name": "MYSQL-subnet",
            "private_endpoint_network_policies": "Disabled",
            "private_link_service_network_policies_enabled": true,
            "resource_group_name": "Three-Tiers-APP",
            "service_endpoint_policy_ids": null,
            "service_endpoints": [
              "Microsoft.Storage"
            ],
            "timeouts": null,
            "virtual_network_name": "application-vnet"
          },
          "sensitive_attributes": [],
          "identity_schema_version": 0,
          "private": "eyJlMmJmYjczMC1lY2FhLTExZTYtOGY4OC0zNDM2M2JjN2M0YzAiOnsiY3JlYXRlIjoxODAwMDAwMDAwMDAwLCJkZWxldGUiOjE4MDAwMDAwMDAwMDAsInJlYWQiOjMwMDAwMDAwMDAwMCwidXBkYXRlIjoxODAwMDAwMDAwMDAwfX0=",
          "dependencies": [
            "module.resource_group.azurerm_resource_group.rg-app",
            "module.vnet.azurerm_virtual_network.vnet-app"
          ]
        }
      ]
    },
    {
      "module": "module.vnet",
      "mode": "managed",
      "type": "azurerm_subnet",
      "name": "Postgres-subnet-app",
      "provider": "provider[\"registry.terraform.io/hashicorp/azurerm\"]",
      "instances": [
        {
          "schema_version": 0,
          "attributes": {
            "address_prefixes": [
              "10.0.3.0/24"
            ],
            "default_outbound_access_enabled": true,
            "delegation": [
              {
                "name": "fs",
                "service_delegation": [
                  {
                    "actions": [
                      "Microsoft.Network/virtualNetworks/subnets/join/action"
                    ],
                    "name": "Microsoft.DBforPostgreSQL/flexibleServers"
                  }
                ]
              }
            ],
            "id": "/subscriptions/3f4307f4-ae2b-4a54-a328-4564262560d1/resourceGroups/Three-Tiers-APP/providers/Microsoft.Network/virtualNetworks/application-vnet/subnets/Postgres-subnet",
            "name": "Postgres-subnet",
            "private_endpoint_network_policies": "Disabled",
            "private_link_service_network_policies_enabled": true,
            "resource_group_name": "Three-Tiers-APP",
            "service_endpoint_policy_ids": null,
            "service_endpoints": [
              "Microsoft.Storage"
            ],
            "timeouts": null,
            "virtual_network_name": "application-vnet"
          },
          "sensitive_attributes": [],
          "identity_schema_version": 0,
          "private": "eyJlMmJmYjczMC1lY2FhLTExZTYtOGY4OC0zNDM2M2JjN2M0YzAiOnsiY3JlYXRlIjoxODAwMDAwMDAwMDAwLCJkZWxldGUiOjE4MDAwMDAwMDAwMDAsInJlYWQiOjMwMDAwMDAwMDAwMCwidXBkYXRlIjoxODAwMDAwMDAwMDAwfX0=",
          "dependencies": [
            "module.resource_group.azurerm_resource_group.rg-app",
            "module.vnet.azurerm_virtual_network.vnet-app"
          ]
        }
      ]
    },
    {
      "module": "module.vnet",
      "mode": "managed",
      "type": "azurerm_subnet",
      "name": "inbound-subnet-app",
      "provider": "provider[\"registry.terraform.io/hashicorp/azurerm\"]",
      "instances": [
        {
          "schema_version": 0,
          "attributes": {
            "address_prefixes": [
              "10.0.0.0/24"
            ],
            "default_outbound_access_enabled": true,
            "delegation": [],
            "id": "/subscriptions/3f4307f4-ae2b-4a54-a328-4564262560d1/resourceGroups/Three-Tiers-APP/providers/Microsoft.Network/virtualNetworks/application-vnet/subnets/default",
            "name": "default",
            "private_endpoint_network_policies": "Disabled",
            "private_link_service_network_policies_enabled": true,
            "resource_group_name": "Three-Tiers-APP",
            "service_endpoint_policy_ids": null,
            "service_endpoints": null,
            "timeouts": null,
            "virtual_network_name": "application-vnet"
          },
          "sensitive_attributes": [],
          "identity_schema_version": 0,
          "private": "eyJlMmJmYjczMC1lY2FhLTExZTYtOGY4OC0zNDM2M2JjN2M0YzAiOnsiY3JlYXRlIjoxODAwMDAwMDAwMDAwLCJkZWxldGUiOjE4MDAwMDAwMDAwMDAsInJlYWQiOjMwMDAwMDAwMDAwMCwidXBkYXRlIjoxODAwMDAwMDAwMDAwfX0=",
          "dependencies": [
            "module.resource_group.azurerm_resource_group.rg-app",
            "module.vnet.azurerm_virtual_network.vnet-app"
          ]
        }
      ]
    },
    {
      "module": "module.vnet",
      "mode": "managed",
      "type": "azurerm_subnet",
      "name": "outbound-subnet-app",
      "provider": "provider[\"registry.terraform.io/hashicorp/azurerm\"]",
      "instances": [
        {
          "schema_version": 0,
          "attributes": {
            "address_prefixes": [
              "10.0.1.0/24"
            ],
            "default_outbound_access_enabled": true,
            "delegation": [
              {
                "name": "delegation",
                "service_delegation": [
                  {
                    "actions": [
                      "Microsoft.Network/virtualNetworks/subnets/action"
                    ],
                    "name": "Microsoft.Web/serverFarms"
                  }
                ]
              }
            ],
            "id": "/subscriptions/3f4307f4-ae2b-4a54-a328-4564262560d1/resourceGroups/Three-Tiers-APP/providers/Microsoft.Network/virtualNetworks/application-vnet/subnets/outbound",
            "name": "outbound",
            "private_endpoint_network_policies": "Disabled",
            "private_link_service_network_policies_enabled": true,
            "resource_group_name": "Three-Tiers-APP",
            "service_endpoint_policy_ids": null,
            "service_endpoints": null,
            "timeouts": null,
            "virtual_network_name": "application-vnet"
          },
          "sensitive_attributes": [],
          "identity_schema_version": 0,
          "private": "eyJlMmJmYjczMC1lY2FhLTExZTYtOGY4OC0zNDM2M2JjN2M0YzAiOnsiY3JlYXRlIjoxODAwMDAwMDAwMDAwLCJkZWxldGUiOjE4MDAwMDAwMDAwMDAsInJlYWQiOjMwMDAwMDAwMDAwMCwidXBkYXRlIjoxODAwMDAwMDAwMDAwfX0=",
          "dependencies": [
            "module.resource_group.azurerm_resource_group.rg-app",
            "module.vnet.azurerm_virtual_network.vnet-app"
          ]
        }
      ]
    },
    {
      "module": "module.vnet",
      "mode": "managed",
      "type": "azurerm_virtual_network",
      "name": "vnet-app",
      "provider": "provider[\"registry.terraform.io/hashicorp/azurerm\"]",
      "instances": [
        {
          "schema_version": 0,
          "attributes": {
            "address_space": [
              "10.0.0.0/16"
            ],
            "bgp_community": "",
            "ddos_protection_plan": [],
            "dns_servers": [],
            "edge_zone": "",
            "encryption": [],
            "flow_timeout_in_minutes": 0,
            "guid": "180fc113-5ec2-4ce0-a4bd-36f23778d8d7",
            "id": "/subscriptions/3f4307f4-ae2b-4a54-a328-4564262560d1/resourceGroups/Three-Tiers-APP/providers/Microsoft.Network/virtualNetworks/application-vnet",
            "ip_address_pool": [],
            "location": "centralus",
            "name": "application-vnet",
            "private_endpoint_vnet_policies": "Disabled",
            "resource_group_name": "Three-Tiers-APP",
            "subnet": [],
            "tags": null,
            "timeouts": null
          },
          "sensitive_attributes": [],
          "identity_schema_version": 0,
          "private": "eyJlMmJmYjczMC1lY2FhLTExZTYtOGY4OC0zNDM2M2JjN2M0YzAiOnsiY3JlYXRlIjoxODAwMDAwMDAwMDAwLCJkZWxldGUiOjE4MDAwMDAwMDAwMDAsInJlYWQiOjMwMDAwMDAwMDAwMCwidXBkYXRlIjoxODAwMDAwMDAwMDAwfX0=",
          "dependencies": [
            "module.resource_group.azurerm_resource_group.rg-app"
          ]
        }
      ]
    }
  ],
  "check_results": null
}
